PODS:
  - ActionSheetPicker-3.0 (2.7.1)
  - Alamofire (5.4.3)
  - AlipaySDK-iOS (15.7.9)
  - AMapFoundation (1.6.5.1)
  - AMapLocation (2.6.7):
    - AMapFoundation (~> 1.6.4)
  - AMapSearch (7.8.0):
    - AMapFoundation (~> 1.6.4)
  - CHTCollectionViewWaterfallLayout/Swift (0.9.8)
  - DateToolsSwift (5.0.0)
  - DynamicBlurView (4.1.0)
  - FaveButton (3.2.1)
  - GRDB.swift (4.14.0):
    - GRDB.swift/standard (= 4.14.0)
  - GRDB.swift/standard (4.14.0)
  - GrowingTextView (0.7.2)
  - ImageSlideshow (1.9.2):
    - ImageSlideshow/Core (= 1.9.2)
  - ImageSlideshow/Core (1.9.2)
  - ImageSlideshow/Kingfisher (1.9.2):
    - ImageSlideshow/Core
    - Kingfisher (> 3.0)
  - JCore (2.6.2)
  - JVerification (2.7.0):
    - JCore (< 6.0.0, >= 2.1.6)
  - Kingfisher (6.3.0)
  - KMPlaceholderTextView (1.4.0)
  - LeanCloud (17.8.0):
    - LeanCloud/RTM (= 17.8.0)
  - LeanCloud/Foundation (17.8.0):
    - Alamofire (~> 5.4)
  - LeanCloud/RTM (17.8.0):
    - GRDB.swift (~> 4.14)
    - LeanCloud/Foundation (= 17.8.0)
    - SwiftProtobuf (~> 1.15)
  - MBProgressHUD (1.2.0)
  - MJRefresh (3.5.0)
  - PopupDialog (1.1.1):
    - DynamicBlurView (~> 4.0)
  - PryntTrimmerView (4.0.2)
  - SegementSlide (3.0.1)
  - SKPhotoBrowser (6.1.0)
  - SteviaLayout (4.7.3)
  - SwiftProtobuf (1.17.0)
  - XLPagerTabStrip (9.0.0)
  - YPImagePicker (4.4.0):
    - PryntTrimmerView (~> 4.0.2)
    - SteviaLayout (~> 4.7.3)

DEPENDENCIES:
  - ActionSheetPicker-3.0
  - Alamofire (~> 5.2)
  - AlipaySDK-iOS
  - AMapLocation
  - AMapSearch
  - CHTCollectionViewWaterfallLayout/Swift
  - DateToolsSwift
  - FaveButton
  - GrowingTextView (= 0.7.2)
  - ImageSlideshow (~> 1.9.0)
  - ImageSlideshow/Kingfisher
  - JVerification
  - Kingfisher (~> 6.0)
  - KMPlaceholderTextView (~> 1.4.0)
  - LeanCloud
  - MBProgressHUD (~> 1.2.0)
  - MJRefresh
  - PopupDialog (~> 1.1)
  - SegementSlide (= 3.0.1)
  - SKPhotoBrowser
  - XLPagerTabStrip (~> 9.0)
  - YPImagePicker

SPEC REPOS:
  trunk:
    - ActionSheetPicker-3.0
    - Alamofire
    - AlipaySDK-iOS
    - AMapFoundation
    - AMapLocation
    - AMapSearch
    - CHTCollectionViewWaterfallLayout
    - DateToolsSwift
    - DynamicBlurView
    - FaveButton
    - GRDB.swift
    - GrowingTextView
    - ImageSlideshow
    - JCore
    - JVerification
    - Kingfisher
    - KMPlaceholderTextView
    - LeanCloud
    - MBProgressHUD
    - MJRefresh
    - PopupDialog
    - PryntTrimmerView
    - SegementSlide
    - SKPhotoBrowser
    - SteviaLayout
    - SwiftProtobuf
    - XLPagerTabStrip
    - YPImagePicker

SPEC CHECKSUMS:
  ActionSheetPicker-3.0: 36da254b97a09ff89679ecb8b8510bd3e5bdc773
  Alamofire: e447a2774a40c996748296fa2c55112fdbbc42f9
  AlipaySDK-iOS: 94ff4c0e17c5e7d126b8207596d5033006534c25
  AMapFoundation: b67560a6f21aab81c8c12f84616b55a3833b6253
  AMapLocation: a46c30d9930d0f3a3bd21139d8f845d10ac3f01d
  AMapSearch: a62d0b2508270dff5a9b05ba3af9fc8843b48c8a
  CHTCollectionViewWaterfallLayout: 5f241d2480ab4939aa0d1ad4981de9eef1fbe60d
  DateToolsSwift: 4207ada6ad615d8dc076323d27037c94916dbfa6
  DynamicBlurView: 58e18fae80bb614e34681a4486870e7d257b62e8
  FaveButton: 93cfebf6030336fa7653fad2068c3152ed668b39
  GRDB.swift: 8cc3ab7c8b8b4ac1761deb8dca4b51c1c9d429f8
  GrowingTextView: 876bf42005b5e4a4fd740597db12caaf41f0fe6c
  ImageSlideshow: be305b54eaf2b2cfc7a7141c7c734605d44dc07d
  JCore: 0cb4fc5892bc97af4f27283875369ead3eaa3067
  JVerification: 6d0827cd8c4a50690372167397bd6c328dfe0357
  Kingfisher: 6c3df386db71d82c0817a429d2c9421a77396529
  KMPlaceholderTextView: 2206c3df39979e9396e2d96fa9f427a8951121b0
  LeanCloud: ff95ea8076a30e10358542ecaa53e87c4308c8bd
  MBProgressHUD: 3ee5efcc380f6a79a7cc9b363dd669c5e1ae7406
  MJRefresh: 6afc955813966afb08305477dd7a0d9ad5e79a16
  PopupDialog: 720c92befd8bc23c13442254945213db5612f149
  PryntTrimmerView: 6a43cc90df5d99addeabd33d4ba09b1365322130
  SegementSlide: 83b56ffb66b9c0edc4e4f2a74229309c62915db3
  SKPhotoBrowser: 343de95d89dc7913763c5dda243cc6e606e4a168
  SteviaLayout: c2ecdcff57d44e38fd2f65e54ad52aeae28ca0c4
  SwiftProtobuf: 9c85136c6ba74b0a1b84279dbf0f6db8efb714e0
  XLPagerTabStrip: 61c57fd61f611ee5f01ff1495ad6fbee8bf496c5
  YPImagePicker: 15aed8bcaa4dad976e11b6114126d731a2f9f3c9

PODFILE CHECKSUM: b23d45133cb2f2a92fdbe7f85658790d7ff11a19

COCOAPODS: 1.10.1
