// !$*UTF8*$!
{
	archiveVersion = 1;
	classes = {
	};
	objectVersion = 51;
	objects = {

/* Begin PBXBuildFile section */
		28DD14755C130CA0F7C94A7A /* Pods_LittlePink.framework in Frameworks */ = {isa = PBXBuildFile; fileRef = AC1C2ECD820882225E9AFB38 /* Pods_LittlePink.framework */; };
		F239A8DD25C28BF700D7414C /* FollowVC.swift in Sources */ = {isa = PBXBuildFile; fileRef = F239A8DC25C28BF700D7414C /* FollowVC.swift */; };
		F239A8E325C28C6A00D7414C /* NearByVC.swift in Sources */ = {isa = PBXBuildFile; fileRef = F239A8E225C28C6A00D7414C /* NearByVC.swift */; };
		F239A8E725C28C8200D7414C /* DiscoveryVC.swift in Sources */ = {isa = PBXBuildFile; fileRef = F239A8E625C28C8200D7414C /* DiscoveryVC.swift */; };
		F239A8EA25C28E3100D7414C /* Constants.swift in Sources */ = {isa = PBXBuildFile; fileRef = F239A8E925C28E3100D7414C /* Constants.swift */; };
		F254F65325C4015700A02076 /* WaterfallVC.swift in Sources */ = {isa = PBXBuildFile; fileRef = F254F65225C4015700A02076 /* WaterfallVC.swift */; };
		F254F65F25C40C0B00A02076 /* WaterfallCell.swift in Sources */ = {isa = PBXBuildFile; fileRef = F254F65E25C40C0B00A02076 /* WaterfallCell.swift */; };
		F26EDB3925C6B86C0051E9E7 /* README.md in Resources */ = {isa = PBXBuildFile; fileRef = F26EDB3825C6B86C0051E9E7 /* README.md */; };
		F273781325C7E02F00F4A6E8 /* TabBarC.swift in Sources */ = {isa = PBXBuildFile; fileRef = F273781225C7E02F00F4A6E8 /* TabBarC.swift */; };
		F273781625C7E26100F4A6E8 /* PostVC.swift in Sources */ = {isa = PBXBuildFile; fileRef = F273781525C7E26100F4A6E8 /* PostVC.swift */; };
		F273781925C8E69E00F4A6E8 /* Extensions.swift in Sources */ = {isa = PBXBuildFile; fileRef = F273781825C8E69E00F4A6E8 /* Extensions.swift */; };
		F288A83025C160E1001B1D50 /* HomeVC.swift in Sources */ = {isa = PBXBuildFile; fileRef = F288A82F25C160E1001B1D50 /* HomeVC.swift */; };
		F2AC647F25BEAE85000672E8 /* AppDelegate.swift in Sources */ = {isa = PBXBuildFile; fileRef = F2AC647E25BEAE85000672E8 /* AppDelegate.swift */; };
		F2AC648125BEAE85000672E8 /* SceneDelegate.swift in Sources */ = {isa = PBXBuildFile; fileRef = F2AC648025BEAE85000672E8 /* SceneDelegate.swift */; };
		F2AC648625BEAE85000672E8 /* Main.storyboard in Resources */ = {isa = PBXBuildFile; fileRef = F2AC648425BEAE85000672E8 /* Main.storyboard */; };
		F2AC648925BEAE85000672E8 /* LittlePink.xcdatamodeld in Sources */ = {isa = PBXBuildFile; fileRef = F2AC648725BEAE85000672E8 /* LittlePink.xcdatamodeld */; };
		F2AC648B25BEAE86000672E8 /* Assets.xcassets in Resources */ = {isa = PBXBuildFile; fileRef = F2AC648A25BEAE86000672E8 /* Assets.xcassets */; };
		F2AC648E25BEAE86000672E8 /* LaunchScreen.storyboard in Resources */ = {isa = PBXBuildFile; fileRef = F2AC648C25BEAE86000672E8 /* LaunchScreen.storyboard */; };
/* End PBXBuildFile section */

/* Begin PBXFileReference section */
		AC1C2ECD820882225E9AFB38 /* Pods_LittlePink.framework */ = {isa = PBXFileReference; explicitFileType = wrapper.framework; includeInIndex = 0; path = Pods_LittlePink.framework; sourceTree = BUILT_PRODUCTS_DIR; };
		EF1D380A29BBDC7C14672677 /* Pods-LittlePink.debug.xcconfig */ = {isa = PBXFileReference; includeInIndex = 1; lastKnownFileType = text.xcconfig; name = "Pods-LittlePink.debug.xcconfig"; path = "Target Support Files/Pods-LittlePink/Pods-LittlePink.debug.xcconfig"; sourceTree = "<group>"; };
		F2111D8325CCF34100C0A4D7 /* ARC+循环引用.playground */ = {isa = PBXFileReference; lastKnownFileType = file.playground; path = "ARC+循环引用.playground"; sourceTree = "<group>"; xcLanguageSpecificationIdentifier = xcode.lang.swift; };
		F22ABCA425D11A9300ACECE5 /* 枚举.playground */ = {isa = PBXFileReference; lastKnownFileType = file.playground; path = "枚举.playground"; sourceTree = "<group>"; xcLanguageSpecificationIdentifier = xcode.lang.swift; };
		F22F5DA525CCE7DF005A1AEF /* 值类型+引用类型.playground */ = {isa = PBXFileReference; lastKnownFileType = file.playground; path = "值类型+引用类型.playground"; sourceTree = "<group>"; xcLanguageSpecificationIdentifier = xcode.lang.swift; };
		F239A8DC25C28BF700D7414C /* FollowVC.swift */ = {isa = PBXFileReference; lastKnownFileType = sourcecode.swift; path = FollowVC.swift; sourceTree = "<group>"; };
		F239A8E225C28C6A00D7414C /* NearByVC.swift */ = {isa = PBXFileReference; lastKnownFileType = sourcecode.swift; path = NearByVC.swift; sourceTree = "<group>"; };
		F239A8E625C28C8200D7414C /* DiscoveryVC.swift */ = {isa = PBXFileReference; lastKnownFileType = sourcecode.swift; path = DiscoveryVC.swift; sourceTree = "<group>"; };
		F239A8E925C28E3100D7414C /* Constants.swift */ = {isa = PBXFileReference; lastKnownFileType = sourcecode.swift; path = Constants.swift; sourceTree = "<group>"; };
		F254F65225C4015700A02076 /* WaterfallVC.swift */ = {isa = PBXFileReference; lastKnownFileType = sourcecode.swift; path = WaterfallVC.swift; sourceTree = "<group>"; };
		F254F65E25C40C0B00A02076 /* WaterfallCell.swift */ = {isa = PBXFileReference; lastKnownFileType = sourcecode.swift; path = WaterfallCell.swift; sourceTree = "<group>"; };
		F26EDB3825C6B86C0051E9E7 /* README.md */ = {isa = PBXFileReference; lastKnownFileType = net.daringfireball.markdown; path = README.md; sourceTree = "<group>"; };
		F273780825C7D55000F4A6E8 /* zh-Hans */ = {isa = PBXFileReference; lastKnownFileType = text.plist.strings; name = "zh-Hans"; path = "zh-Hans.lproj/Main.strings"; sourceTree = "<group>"; };
		F273780925C7D55000F4A6E8 /* zh-Hans */ = {isa = PBXFileReference; lastKnownFileType = text.plist.strings; name = "zh-Hans"; path = "zh-Hans.lproj/LaunchScreen.strings"; sourceTree = "<group>"; };
		F273781225C7E02F00F4A6E8 /* TabBarC.swift */ = {isa = PBXFileReference; lastKnownFileType = sourcecode.swift; path = TabBarC.swift; sourceTree = "<group>"; };
		F273781525C7E26100F4A6E8 /* PostVC.swift */ = {isa = PBXFileReference; lastKnownFileType = sourcecode.swift; path = PostVC.swift; sourceTree = "<group>"; };
		F273781825C8E69E00F4A6E8 /* Extensions.swift */ = {isa = PBXFileReference; lastKnownFileType = sourcecode.swift; path = Extensions.swift; sourceTree = "<group>"; };
		F273781E25C93C3500F4A6E8 /* 闭包.playground */ = {isa = PBXFileReference; lastKnownFileType = file.playground; path = "闭包.playground"; sourceTree = "<group>"; xcLanguageSpecificationIdentifier = xcode.lang.swift; };
		F288A82F25C160E1001B1D50 /* HomeVC.swift */ = {isa = PBXFileReference; lastKnownFileType = sourcecode.swift; path = HomeVC.swift; sourceTree = "<group>"; };
		F2AC647B25BEAE85000672E8 /* LittlePink.app */ = {isa = PBXFileReference; explicitFileType = wrapper.application; includeInIndex = 0; path = LittlePink.app; sourceTree = BUILT_PRODUCTS_DIR; };
		F2AC647E25BEAE85000672E8 /* AppDelegate.swift */ = {isa = PBXFileReference; lastKnownFileType = sourcecode.swift; path = AppDelegate.swift; sourceTree = "<group>"; };
		F2AC648025BEAE85000672E8 /* SceneDelegate.swift */ = {isa = PBXFileReference; lastKnownFileType = sourcecode.swift; path = SceneDelegate.swift; sourceTree = "<group>"; };
		F2AC648525BEAE85000672E8 /* Base */ = {isa = PBXFileReference; lastKnownFileType = file.storyboard; name = Base; path = Base.lproj/Main.storyboard; sourceTree = "<group>"; };
		F2AC648825BEAE85000672E8 /* LittlePink.xcdatamodel */ = {isa = PBXFileReference; lastKnownFileType = wrapper.xcdatamodel; path = LittlePink.xcdatamodel; sourceTree = "<group>"; };
		F2AC648A25BEAE86000672E8 /* Assets.xcassets */ = {isa = PBXFileReference; lastKnownFileType = folder.assetcatalog; path = Assets.xcassets; sourceTree = "<group>"; };
		F2AC648D25BEAE86000672E8 /* Base */ = {isa = PBXFileReference; lastKnownFileType = file.storyboard; name = Base; path = Base.lproj/LaunchScreen.storyboard; sourceTree = "<group>"; };
		F2AC648F25BEAE86000672E8 /* Info.plist */ = {isa = PBXFileReference; lastKnownFileType = text.plist.xml; path = Info.plist; sourceTree = "<group>"; };
		FF4B0E5D10400B0B19904172 /* Pods-LittlePink.release.xcconfig */ = {isa = PBXFileReference; includeInIndex = 1; lastKnownFileType = text.xcconfig; name = "Pods-LittlePink.release.xcconfig"; path = "Target Support Files/Pods-LittlePink/Pods-LittlePink.release.xcconfig"; sourceTree = "<group>"; };
/* End PBXFileReference section */

/* Begin PBXFrameworksBuildPhase section */
		F2AC647825BEAE85000672E8 /* Frameworks */ = {
			isa = PBXFrameworksBuildPhase;
			buildActionMask = 2147483647;
			files = (
				28DD14755C130CA0F7C94A7A /* Pods_LittlePink.framework in Frameworks */,
			);
			runOnlyForDeploymentPostprocessing = 0;
		};
/* End PBXFrameworksBuildPhase section */

/* Begin PBXGroup section */
		208E84098DECF05ABBC06FAD /* Frameworks */ = {
			isa = PBXGroup;
			children = (
				AC1C2ECD820882225E9AFB38 /* Pods_LittlePink.framework */,
			);
			name = Frameworks;
			sourceTree = "<group>";
		};
		ADD8834EC448CA72465EECDE /* Pods */ = {
			isa = PBXGroup;
			children = (
				EF1D380A29BBDC7C14672677 /* Pods-LittlePink.debug.xcconfig */,
				FF4B0E5D10400B0B19904172 /* Pods-LittlePink.release.xcconfig */,
			);
			path = Pods;
			sourceTree = "<group>";
		};
		F239A8EC25C2900200D7414C /* Home */ = {
			isa = PBXGroup;
			children = (
				F288A82F25C160E1001B1D50 /* HomeVC.swift */,
				F239A8E625C28C8200D7414C /* DiscoveryVC.swift */,
				F239A8DC25C28BF700D7414C /* FollowVC.swift */,
				F239A8E225C28C6A00D7414C /* NearByVC.swift */,
			);
			path = Home;
			sourceTree = "<group>";
		};
		F26EDB3425C6B57C0051E9E7 /* Waterfall */ = {
			isa = PBXGroup;
			children = (
				F254F65225C4015700A02076 /* WaterfallVC.swift */,
				F254F65E25C40C0B00A02076 /* WaterfallCell.swift */,
			);
			path = Waterfall;
			sourceTree = "<group>";
		};
		F26EDB3625C6B5900051E9E7 /* Common */ = {
			isa = PBXGroup;
			children = (
				F239A8E925C28E3100D7414C /* Constants.swift */,
				F273781825C8E69E00F4A6E8 /* Extensions.swift */,
			);
			path = Common;
			sourceTree = "<group>";
		};
		F273781B25C9386500F4A6E8 /* Demos+PH */ = {
			isa = PBXGroup;
			children = (
				F273781525C7E26100F4A6E8 /* PostVC.swift */,
				F273781E25C93C3500F4A6E8 /* 闭包.playground */,
				F22F5DA525CCE7DF005A1AEF /* 值类型+引用类型.playground */,
				F2111D8325CCF34100C0A4D7 /* ARC+循环引用.playground */,
				F22ABCA425D11A9300ACECE5 /* 枚举.playground */,
			);
			path = "Demos+PH";
			sourceTree = "<group>";
		};
		F2AC647225BEAE85000672E8 = {
			isa = PBXGroup;
			children = (
				F26EDB3825C6B86C0051E9E7 /* README.md */,
				F2AC647D25BEAE85000672E8 /* LittlePink */,
				F2AC647C25BEAE85000672E8 /* Products */,
				ADD8834EC448CA72465EECDE /* Pods */,
				208E84098DECF05ABBC06FAD /* Frameworks */,
			);
			sourceTree = "<group>";
		};
		F2AC647C25BEAE85000672E8 /* Products */ = {
			isa = PBXGroup;
			children = (
				F2AC647B25BEAE85000672E8 /* LittlePink.app */,
			);
			name = Products;
			sourceTree = "<group>";
		};
		F2AC647D25BEAE85000672E8 /* LittlePink */ = {
			isa = PBXGroup;
			children = (
				F2AC647E25BEAE85000672E8 /* AppDelegate.swift */,
				F2AC648025BEAE85000672E8 /* SceneDelegate.swift */,
				F2AC648425BEAE85000672E8 /* Main.storyboard */,
				F273781225C7E02F00F4A6E8 /* TabBarC.swift */,
				F26EDB3425C6B57C0051E9E7 /* Waterfall */,
				F239A8EC25C2900200D7414C /* Home */,
				F2AC648A25BEAE86000672E8 /* Assets.xcassets */,
				F2AC648C25BEAE86000672E8 /* LaunchScreen.storyboard */,
				F2AC648F25BEAE86000672E8 /* Info.plist */,
				F2AC648725BEAE85000672E8 /* LittlePink.xcdatamodeld */,
				F273781B25C9386500F4A6E8 /* Demos+PH */,
				F26EDB3625C6B5900051E9E7 /* Common */,
			);
			path = LittlePink;
			sourceTree = "<group>";
		};
/* End PBXGroup section */

/* Begin PBXNativeTarget section */
		F2AC647A25BEAE85000672E8 /* LittlePink */ = {
			isa = PBXNativeTarget;
			buildConfigurationList = F2AC649225BEAE86000672E8 /* Build configuration list for PBXNativeTarget "LittlePink" */;
			buildPhases = (
				4E3F88B8A99765757E7A9E2C /* [CP] Check Pods Manifest.lock */,
				F2AC647725BEAE85000672E8 /* Sources */,
				F2AC647825BEAE85000672E8 /* Frameworks */,
				F2AC647925BEAE85000672E8 /* Resources */,
				16E93540116A509A5A71C841 /* [CP] Embed Pods Frameworks */,
			);
			buildRules = (
			);
			dependencies = (
			);
			name = LittlePink;
			productName = LittlePink;
			productReference = F2AC647B25BEAE85000672E8 /* LittlePink.app */;
			productType = "com.apple.product-type.application";
		};
/* End PBXNativeTarget section */

/* Begin PBXProject section */
		F2AC647325BEAE85000672E8 /* Project object */ = {
			isa = PBXProject;
			attributes = {
				LastSwiftUpdateCheck = 1230;
				LastUpgradeCheck = 1230;
				TargetAttributes = {
					F2AC647A25BEAE85000672E8 = {
						CreatedOnToolsVersion = 12.3;
					};
				};
			};
			buildConfigurationList = F2AC647625BEAE85000672E8 /* Build configuration list for PBXProject "LittlePink" */;
			compatibilityVersion = "Xcode 9.3";
			developmentRegion = en;
			hasScannedForEncodings = 0;
			knownRegions = (
				en,
				Base,
				"zh-Hans",
			);
			mainGroup = F2AC647225BEAE85000672E8;
			productRefGroup = F2AC647C25BEAE85000672E8 /* Products */;
			projectDirPath = "";
			projectRoot = "";
			targets = (
				F2AC647A25BEAE85000672E8 /* LittlePink */,
			);
		};
/* End PBXProject section */

/* Begin PBXResourcesBuildPhase section */
		F2AC647925BEAE85000672E8 /* Resources */ = {
			isa = PBXResourcesBuildPhase;
			buildActionMask = 2147483647;
			files = (
				F2AC648E25BEAE86000672E8 /* LaunchScreen.storyboard in Resources */,
				F2AC648B25BEAE86000672E8 /* Assets.xcassets in Resources */,
				F26EDB3925C6B86C0051E9E7 /* README.md in Resources */,
				F2AC648625BEAE85000672E8 /* Main.storyboard in Resources */,
			);
			runOnlyForDeploymentPostprocessing = 0;
		};
/* End PBXResourcesBuildPhase section */

/* Begin PBXShellScriptBuildPhase section */
		16E93540116A509A5A71C841 /* [CP] Embed Pods Frameworks */ = {
			isa = PBXShellScriptBuildPhase;
			buildActionMask = 2147483647;
			files = (
			);
			inputFileListPaths = (
				"${PODS_ROOT}/Target Support Files/Pods-LittlePink/Pods-LittlePink-frameworks-${CONFIGURATION}-input-files.xcfilelist",
			);
			name = "[CP] Embed Pods Frameworks";
			outputFileListPaths = (
				"${PODS_ROOT}/Target Support Files/Pods-LittlePink/Pods-LittlePink-frameworks-${CONFIGURATION}-output-files.xcfilelist",
			);
			runOnlyForDeploymentPostprocessing = 0;
			shellPath = /bin/sh;
			shellScript = "\"${PODS_ROOT}/Target Support Files/Pods-LittlePink/Pods-LittlePink-frameworks.sh\"\n";
			showEnvVarsInLog = 0;
		};
		4E3F88B8A99765757E7A9E2C /* [CP] Check Pods Manifest.lock */ = {
			isa = PBXShellScriptBuildPhase;
			buildActionMask = 2147483647;
			files = (
			);
			inputFileListPaths = (
			);
			inputPaths = (
				"${PODS_PODFILE_DIR_PATH}/Podfile.lock",
				"${PODS_ROOT}/Manifest.lock",
			);
			name = "[CP] Check Pods Manifest.lock";
			outputFileListPaths = (
			);
			outputPaths = (
				"$(DERIVED_FILE_DIR)/Pods-LittlePink-checkManifestLockResult.txt",
			);
			runOnlyForDeploymentPostprocessing = 0;
			shellPath = /bin/sh;
			shellScript = "diff \"${PODS_PODFILE_DIR_PATH}/Podfile.lock\" \"${PODS_ROOT}/Manifest.lock\" > /dev/null\nif [ $? != 0 ] ; then\n    # print error to STDERR\n    echo \"error: The sandbox is not in sync with the Podfile.lock. Run 'pod install' or update your CocoaPods installation.\" >&2\n    exit 1\nfi\n# This output is used by Xcode 'outputs' to avoid re-running this script phase.\necho \"SUCCESS\" > \"${SCRIPT_OUTPUT_FILE_0}\"\n";
			showEnvVarsInLog = 0;
		};
/* End PBXShellScriptBuildPhase section */

/* Begin PBXSourcesBuildPhase section */
		F2AC647725BEAE85000672E8 /* Sources */ = {
			isa = PBXSourcesBuildPhase;
			buildActionMask = 2147483647;
			files = (
				F239A8E325C28C6A00D7414C /* NearByVC.swift in Sources */,
				F273781325C7E02F00F4A6E8 /* TabBarC.swift in Sources */,
				F254F65325C4015700A02076 /* WaterfallVC.swift in Sources */,
				F254F65F25C40C0B00A02076 /* WaterfallCell.swift in Sources */,
				F2AC647F25BEAE85000672E8 /* AppDelegate.swift in Sources */,
				F288A83025C160E1001B1D50 /* HomeVC.swift in Sources */,
				F273781625C7E26100F4A6E8 /* PostVC.swift in Sources */,
				F239A8DD25C28BF700D7414C /* FollowVC.swift in Sources */,
				F273781925C8E69E00F4A6E8 /* Extensions.swift in Sources */,
				F239A8E725C28C8200D7414C /* DiscoveryVC.swift in Sources */,
				F2AC648125BEAE85000672E8 /* SceneDelegate.swift in Sources */,
				F2AC648925BEAE85000672E8 /* LittlePink.xcdatamodeld in Sources */,
				F239A8EA25C28E3100D7414C /* Constants.swift in Sources */,
			);
			runOnlyForDeploymentPostprocessing = 0;
		};
/* End PBXSourcesBuildPhase section */

/* Begin PBXVariantGroup section */
		F2AC648425BEAE85000672E8 /* Main.storyboard */ = {
			isa = PBXVariantGroup;
			children = (
				F2AC648525BEAE85000672E8 /* Base */,
				F273780825C7D55000F4A6E8 /* zh-Hans */,
			);
			name = Main.storyboard;
			sourceTree = "<group>";
		};
		F2AC648C25BEAE86000672E8 /* LaunchScreen.storyboard */ = {
			isa = PBXVariantGroup;
			children = (
				F2AC648D25BEAE86000672E8 /* Base */,
				F273780925C7D55000F4A6E8 /* zh-Hans */,
			);
			name = LaunchScreen.storyboard;
			sourceTree = "<group>";
		};
/* End PBXVariantGroup section */

/* Begin XCBuildConfiguration section */
		F2AC649025BEAE86000672E8 /* Debug */ = {
			isa = XCBuildConfiguration;
			buildSettings = {
				ALWAYS_SEARCH_USER_PATHS = NO;
				CLANG_ANALYZER_LOCALIZABILITY_NONLOCALIZED = YES;
				CLANG_ANALYZER_NONNULL = YES;
				CLANG_ANALYZER_NUMBER_OBJECT_CONVERSION = YES_AGGRESSIVE;
				CLANG_CXX_LANGUAGE_STANDARD = "gnu++14";
				CLANG_CXX_LIBRARY = "libc++";
				CLANG_ENABLE_MODULES = YES;
				CLANG_ENABLE_OBJC_ARC = YES;
				CLANG_ENABLE_OBJC_WEAK = YES;
				CLANG_WARN_BLOCK_CAPTURE_AUTORELEASING = YES;
				CLANG_WARN_BOOL_CONVERSION = YES;
				CLANG_WARN_COMMA = YES;
				CLANG_WARN_CONSTANT_CONVERSION = YES;
				CLANG_WARN_DEPRECATED_OBJC_IMPLEMENTATIONS = YES;
				CLANG_WARN_DIRECT_OBJC_ISA_USAGE = YES_ERROR;
				CLANG_WARN_DOCUMENTATION_COMMENTS = YES;
				CLANG_WARN_EMPTY_BODY = YES;
				CLANG_WARN_ENUM_CONVERSION = YES;
				CLANG_WARN_INFINITE_RECURSION = YES;
				CLANG_WARN_INT_CONVERSION = YES;
				CLANG_WARN_NON_LITERAL_NULL_CONVERSION = YES;
				CLANG_WARN_OBJC_IMPLICIT_RETAIN_SELF = YES;
				CLANG_WARN_OBJC_LITERAL_CONVERSION = YES;
				CLANG_WARN_OBJC_ROOT_CLASS = YES_ERROR;
				CLANG_WARN_QUOTED_INCLUDE_IN_FRAMEWORK_HEADER = YES;
				CLANG_WARN_RANGE_LOOP_ANALYSIS = YES;
				CLANG_WARN_STRICT_PROTOTYPES = YES;
				CLANG_WARN_SUSPICIOUS_MOVE = YES;
				CLANG_WARN_UNGUARDED_AVAILABILITY = YES_AGGRESSIVE;
				CLANG_WARN_UNREACHABLE_CODE = YES;
				CLANG_WARN__DUPLICATE_METHOD_MATCH = YES;
				COPY_PHASE_STRIP = NO;
				DEBUG_INFORMATION_FORMAT = dwarf;
				ENABLE_STRICT_OBJC_MSGSEND = YES;
				ENABLE_TESTABILITY = YES;
				GCC_C_LANGUAGE_STANDARD = gnu11;
				GCC_DYNAMIC_NO_PIC = NO;
				GCC_NO_COMMON_BLOCKS = YES;
				GCC_OPTIMIZATION_LEVEL = 0;
				GCC_PREPROCESSOR_DEFINITIONS = (
					"DEBUG=1",
					"$(inherited)",
				);
				GCC_WARN_64_TO_32_BIT_CONVERSION = YES;
				GCC_WARN_ABOUT_RETURN_TYPE = YES_ERROR;
				GCC_WARN_UNDECLARED_SELECTOR = YES;
				GCC_WARN_UNINITIALIZED_AUTOS = YES_AGGRESSIVE;
				GCC_WARN_UNUSED_FUNCTION = YES;
				GCC_WARN_UNUSED_VARIABLE = YES;
				IPHONEOS_DEPLOYMENT_TARGET = 14.3;
				MTL_ENABLE_DEBUG_INFO = INCLUDE_SOURCE;
				MTL_FAST_MATH = YES;
				ONLY_ACTIVE_ARCH = YES;
				SDKROOT = iphoneos;
				SWIFT_ACTIVE_COMPILATION_CONDITIONS = DEBUG;
				SWIFT_OPTIMIZATION_LEVEL = "-Onone";
			};
			name = Debug;
		};
		F2AC649125BEAE86000672E8 /* Release */ = {
			isa = XCBuildConfiguration;
			buildSettings = {
				ALWAYS_SEARCH_USER_PATHS = NO;
				CLANG_ANALYZER_LOCALIZABILITY_NONLOCALIZED = YES;
				CLANG_ANALYZER_NONNULL = YES;
				CLANG_ANALYZER_NUMBER_OBJECT_CONVERSION = YES_AGGRESSIVE;
				CLANG_CXX_LANGUAGE_STANDARD = "gnu++14";
				CLANG_CXX_LIBRARY = "libc++";
				CLANG_ENABLE_MODULES = YES;
				CLANG_ENABLE_OBJC_ARC = YES;
				CLANG_ENABLE_OBJC_WEAK = YES;
				CLANG_WARN_BLOCK_CAPTURE_AUTORELEASING = YES;
				CLANG_WARN_BOOL_CONVERSION = YES;
				CLANG_WARN_COMMA = YES;
				CLANG_WARN_CONSTANT_CONVERSION = YES;
				CLANG_WARN_DEPRECATED_OBJC_IMPLEMENTATIONS = YES;
				CLANG_WARN_DIRECT_OBJC_ISA_USAGE = YES_ERROR;
				CLANG_WARN_DOCUMENTATION_COMMENTS = YES;
				CLANG_WARN_EMPTY_BODY = YES;
				CLANG_WARN_ENUM_CONVERSION = YES;
				CLANG_WARN_INFINITE_RECURSION = YES;
				CLANG_WARN_INT_CONVERSION = YES;
				CLANG_WARN_NON_LITERAL_NULL_CONVERSION = YES;
				CLANG_WARN_OBJC_IMPLICIT_RETAIN_SELF = YES;
				CLANG_WARN_OBJC_LITERAL_CONVERSION = YES;
				CLANG_WARN_OBJC_ROOT_CLASS = YES_ERROR;
				CLANG_WARN_QUOTED_INCLUDE_IN_FRAMEWORK_HEADER = YES;
				CLANG_WARN_RANGE_LOOP_ANALYSIS = YES;
				CLANG_WARN_STRICT_PROTOTYPES = YES;
				CLANG_WARN_SUSPICIOUS_MOVE = YES;
				CLANG_WARN_UNGUARDED_AVAILABILITY = YES_AGGRESSIVE;
				CLANG_WARN_UNREACHABLE_CODE = YES;
				CLANG_WARN__DUPLICATE_METHOD_MATCH = YES;
				COPY_PHASE_STRIP = NO;
				DEBUG_INFORMATION_FORMAT = "dwarf-with-dsym";
				ENABLE_NS_ASSERTIONS = NO;
				ENABLE_STRICT_OBJC_MSGSEND = YES;
				GCC_C_LANGUAGE_STANDARD = gnu11;
				GCC_NO_COMMON_BLOCKS = YES;
				GCC_WARN_64_TO_32_BIT_CONVERSION = YES;
				GCC_WARN_ABOUT_RETURN_TYPE = YES_ERROR;
				GCC_WARN_UNDECLARED_SELECTOR = YES;
				GCC_WARN_UNINITIALIZED_AUTOS = YES_AGGRESSIVE;
				GCC_WARN_UNUSED_FUNCTION = YES;
				GCC_WARN_UNUSED_VARIABLE = YES;
				IPHONEOS_DEPLOYMENT_TARGET = 14.3;
				MTL_ENABLE_DEBUG_INFO = NO;
				MTL_FAST_MATH = YES;
				SDKROOT = iphoneos;
				SWIFT_COMPILATION_MODE = wholemodule;
				SWIFT_OPTIMIZATION_LEVEL = "-O";
				VALIDATE_PRODUCT = YES;
			};
			name = Release;
		};
		F2AC649325BEAE86000672E8 /* Debug */ = {
			isa = XCBuildConfiguration;
			baseConfigurationReference = EF1D380A29BBDC7C14672677 /* Pods-LittlePink.debug.xcconfig */;
			buildSettings = {
				ASSETCATALOG_COMPILER_APPICON_NAME = AppIcon;
				ASSETCATALOG_COMPILER_GLOBAL_ACCENT_COLOR_NAME = AccentColor;
				CODE_SIGN_STYLE = Automatic;
				DEVELOPMENT_TEAM = 88YKHY9ZQF;
				INFOPLIST_FILE = LittlePink/Info.plist;
				IPHONEOS_DEPLOYMENT_TARGET = 14.1;
				LD_RUNPATH_SEARCH_PATHS = (
					"$(inherited)",
					"@executable_path/Frameworks",
				);
				PRODUCT_BUNDLE_IDENTIFIER = "com.example.apple-samplecode.LittlePink";
				PRODUCT_NAME = "$(TARGET_NAME)";
				SWIFT_VERSION = 5.0;
				TARGETED_DEVICE_FAMILY = 1;
			};
			name = Debug;
		};
		F2AC649425BEAE86000672E8 /* Release */ = {
			isa = XCBuildConfiguration;
			baseConfigurationReference = FF4B0E5D10400B0B19904172 /* Pods-LittlePink.release.xcconfig */;
			buildSettings = {
				ASSETCATALOG_COMPILER_APPICON_NAME = AppIcon;
				ASSETCATALOG_COMPILER_GLOBAL_ACCENT_COLOR_NAME = AccentColor;
				CODE_SIGN_STYLE = Automatic;
				DEVELOPMENT_TEAM = 88YKHY9ZQF;
				INFOPLIST_FILE = LittlePink/Info.plist;
				IPHONEOS_DEPLOYMENT_TARGET = 14.1;
				LD_RUNPATH_SEARCH_PATHS = (
					"$(inherited)",
					"@executable_path/Frameworks",
				);
				PRODUCT_BUNDLE_IDENTIFIER = "com.example.apple-samplecode.LittlePink";
				PRODUCT_NAME = "$(TARGET_NAME)";
				SWIFT_VERSION = 5.0;
				TARGETED_DEVICE_FAMILY = 1;
			};
			name = Release;
		};
/* End XCBuildConfiguration section */

/* Begin XCConfigurationList section */
		F2AC647625BEAE85000672E8 /* Build configuration list for PBXProject "LittlePink" */ = {
			isa = XCConfigurationList;
			buildConfigurations = (
				F2AC649025BEAE86000672E8 /* Debug */,
				F2AC649125BEAE86000672E8 /* Release */,
			);
			defaultConfigurationIsVisible = 0;
			defaultConfigurationName = Release;
		};
		F2AC649225BEAE86000672E8 /* Build configuration list for PBXNativeTarget "LittlePink" */ = {
			isa = XCConfigurationList;
			buildConfigurations = (
				F2AC649325BEAE86000672E8 /* Debug */,
				F2AC649425BEAE86000672E8 /* Release */,
			);
			defaultConfigurationIsVisible = 0;
			defaultConfigurationName = Release;
		};
/* End XCConfigurationList section */

/* Begin XCVersionGroup section */
		F2AC648725BEAE85000672E8 /* LittlePink.xcdatamodeld */ = {
			isa = XCVersionGroup;
			children = (
				F2AC648825BEAE85000672E8 /* LittlePink.xcdatamodel */,
			);
			currentVersion = F2AC648825BEAE85000672E8 /* LittlePink.xcdatamodel */;
			path = LittlePink.xcdatamodeld;
			sourceTree = "<group>";
			versionGroupType = wrapper.xcdatamodel;
		};
/* End XCVersionGroup section */
	};
	rootObject = F2AC647325BEAE85000672E8 /* Project object */;
}
