// !$*UTF8*$!
{
	archiveVersion = 1;
	classes = {
	};
	objectVersion = 51;
	objects = {

/* Begin PBXBuildFile section */
		28DD14755C130CA0F7C94A7A /* Pods_LittlePink.framework in Frameworks */ = {isa = PBXBuildFile; fileRef = AC1C2ECD820882225E9AFB38 /* Pods_LittlePink.framework */; };
		62DB65A4A9EF2E8F1FF4045C /* MeVC-SettingOrChat.swift in Sources */ = {isa = PBXBuildFile; fileRef = 62DB6B8E06A44C38B07B452C /* MeVC-SettingOrChat.swift */; };
		62DB67A14CFE4639C92B892C /* MeVC-EditOrFollow.swift in Sources */ = {isa = PBXBuildFile; fileRef = 62DB6D95E13668A1A8F91C00 /* MeVC-EditOrFollow.swift */; };
		62DB6D74BDDE42B8C44D531C /* MeVC-EditIntro.swift in Sources */ = {isa = PBXBuildFile; fileRef = 62DB6A9B625D29495A42880E /* MeVC-EditIntro.swift */; };
		F202D5F226920CDE006B6EE4 /* CommentView.swift in Sources */ = {isa = PBXBuildFile; fileRef = F202D5F126920CDE006B6EE4 /* CommentView.swift */; };
		F202D5F526920CFE006B6EE4 /* CommentView.xib in Resources */ = {isa = PBXBuildFile; fileRef = F202D5F426920CFE006B6EE4 /* CommentView.xib */; };
		F202D5F826920E98006B6EE4 /* NoteDetailVC-TVDelegate.swift in Sources */ = {isa = PBXBuildFile; fileRef = F202D5F726920E98006B6EE4 /* NoteDetailVC-TVDelegate.swift */; };
		F202D5FB26920EB1006B6EE4 /* NoteDetailVC-TVDataSource.swift in Sources */ = {isa = PBXBuildFile; fileRef = F202D5FA26920EB1006B6EE4 /* NoteDetailVC-TVDataSource.swift */; };
		F2041B9C267648E800BBDE6C /* avatarPH.jpeg in Resources */ = {isa = PBXBuildFile; fileRef = F2041B9A267648E700BBDE6C /* avatarPH.jpeg */; };
		F2041B9D267648E800BBDE6C /* logo.png in Resources */ = {isa = PBXBuildFile; fileRef = F2041B9B267648E700BBDE6C /* logo.png */; };
		F21AED07268074FD0022DEF2 /* NoteDetailVC-Like.swift in Sources */ = {isa = PBXBuildFile; fileRef = F21AED06268074FD0022DEF2 /* NoteDetailVC-Like.swift */; };
		F21D403E266E720000D91828 /* CustomViews.swift in Sources */ = {isa = PBXBuildFile; fileRef = F21D403D266E720000D91828 /* CustomViews.swift */; };
		F22E4D2026A5BA2F0035EB16 /* Other-Extensions.swift in Sources */ = {isa = PBXBuildFile; fileRef = F22E4D1F26A5BA2F0035EB16 /* Other-Extensions.swift */; };
		F22E85D02603496600BF7EF9 /* Protocols.swift in Sources */ = {isa = PBXBuildFile; fileRef = F22E85CF2603496600BF7EF9 /* Protocols.swift */; };
		F22E85D32604477000BF7EF9 /* POIVC.swift in Sources */ = {isa = PBXBuildFile; fileRef = F22E85D22604477000BF7EF9 /* POIVC.swift */; };
		F22E85E42604B4F600BF7EF9 /* ExternalAccessory.framework in Frameworks */ = {isa = PBXBuildFile; fileRef = F22E85E32604B4F600BF7EF9 /* ExternalAccessory.framework */; };
		F22ED632266678A50021956C /* NoteEditVC-Note.swift in Sources */ = {isa = PBXBuildFile; fileRef = F22ED631266678A50021956C /* NoteEditVC-Note.swift */; };
		F22ED63526672EF90021956C /* NoteDetailVC.swift in Sources */ = {isa = PBXBuildFile; fileRef = F22ED63426672EF90021956C /* NoteDetailVC.swift */; };
		F22ED63B266E69A90021956C /* NoteDetailVC-UI.swift in Sources */ = {isa = PBXBuildFile; fileRef = F22ED63A266E69A90021956C /* NoteDetailVC-UI.swift */; };
		F22ED63E266E69C70021956C /* NoteDetailVC-Config.swift in Sources */ = {isa = PBXBuildFile; fileRef = F22ED63D266E69C70021956C /* NoteDetailVC-Config.swift */; };
		F22EF00826B7C864005C9844 /* MeVC-Config.swift in Sources */ = {isa = PBXBuildFile; fileRef = F22EF00726B7C864005C9844 /* MeVC-Config.swift */; };
		F22EF00B26B7C913005C9844 /* MeVC-HeaderView.swift in Sources */ = {isa = PBXBuildFile; fileRef = F22EF00A26B7C913005C9844 /* MeVC-HeaderView.swift */; };
		F239A8DD25C28BF700D7414C /* FollowVC.swift in Sources */ = {isa = PBXBuildFile; fileRef = F239A8DC25C28BF700D7414C /* FollowVC.swift */; };
		F239A8E325C28C6A00D7414C /* NearByVC.swift in Sources */ = {isa = PBXBuildFile; fileRef = F239A8E225C28C6A00D7414C /* NearByVC.swift */; };
		F239A8E725C28C8200D7414C /* DiscoveryVC.swift in Sources */ = {isa = PBXBuildFile; fileRef = F239A8E625C28C8200D7414C /* DiscoveryVC.swift */; };
		F239A8EA25C28E3100D7414C /* Constants.swift in Sources */ = {isa = PBXBuildFile; fileRef = F239A8E925C28E3100D7414C /* Constants.swift */; };
		F23B9C01269B41F800909386 /* CommentSectionFooterView.swift in Sources */ = {isa = PBXBuildFile; fileRef = F23B9C00269B41F800909386 /* CommentSectionFooterView.swift */; };
		F24DAEF025ECDCE7003E1043 /* PhotoFooter.swift in Sources */ = {isa = PBXBuildFile; fileRef = F24DAEEF25ECDCE7003E1043 /* PhotoFooter.swift */; };
		F254F65325C4015700A02076 /* WaterfallVC.swift in Sources */ = {isa = PBXBuildFile; fileRef = F254F65225C4015700A02076 /* WaterfallVC.swift */; };
		F254F65F25C40C0B00A02076 /* WaterfallCell.swift in Sources */ = {isa = PBXBuildFile; fileRef = F254F65E25C40C0B00A02076 /* WaterfallCell.swift */; };
		F25D6E07268483D900CFEA5A /* WaterfallCell-Like.swift in Sources */ = {isa = PBXBuildFile; fileRef = F25D6E06268483D900CFEA5A /* WaterfallCell-Like.swift */; };
		F25D6E0C2684867B00CFEA5A /* NoteDetailVC-Fav.swift in Sources */ = {isa = PBXBuildFile; fileRef = F25D6E0B2684867B00CFEA5A /* NoteDetailVC-Fav.swift */; };
		F25D6E0F268579DF00CFEA5A /* NoteDetailVC-ShareOrMore.swift in Sources */ = {isa = PBXBuildFile; fileRef = F25D6E0E268579DF00CFEA5A /* NoteDetailVC-ShareOrMore.swift */; };
		F25D6E1226857A8E00CFEA5A /* NoteDetailVC-DelNote.swift in Sources */ = {isa = PBXBuildFile; fileRef = F25D6E1126857A8E00CFEA5A /* NoteDetailVC-DelNote.swift */; };
		F25D6E152685B3A800CFEA5A /* NoteDetailVC-Helper.swift in Sources */ = {isa = PBXBuildFile; fileRef = F25D6E142685B3A800CFEA5A /* NoteDetailVC-Helper.swift */; };
		F25D6E182685C83300CFEA5A /* NoteDetailVC-EditNote.swift in Sources */ = {isa = PBXBuildFile; fileRef = F25D6E172685C83300CFEA5A /* NoteDetailVC-EditNote.swift */; };
		F26BA6F626B6E8D300F6A217 /* NoteDetailVC-MeVC.swift in Sources */ = {isa = PBXBuildFile; fileRef = F26BA6F526B6E8D300F6A217 /* NoteDetailVC-MeVC.swift */; };
		F26BA6F926B6EBF800F6A217 /* MeVC-BackOrDrawer.swift in Sources */ = {isa = PBXBuildFile; fileRef = F26BA6F826B6EBF800F6A217 /* MeVC-BackOrDrawer.swift */; };
		F26BA6FC26B6EF2D00F6A217 /* CustomClasses.swift in Sources */ = {isa = PBXBuildFile; fileRef = F26BA6FB26B6EF2D00F6A217 /* CustomClasses.swift */; };
		F273781325C7E02F00F4A6E8 /* TabBarC.swift in Sources */ = {isa = PBXBuildFile; fileRef = F273781225C7E02F00F4A6E8 /* TabBarC.swift */; };
		F273781625C7E26100F4A6E8 /* PostVC.swift in Sources */ = {isa = PBXBuildFile; fileRef = F273781525C7E26100F4A6E8 /* PostVC.swift */; };
		F273781925C8E69E00F4A6E8 /* System-Extensions.swift in Sources */ = {isa = PBXBuildFile; fileRef = F273781825C8E69E00F4A6E8 /* System-Extensions.swift */; };
		F2750E9E26256D370021989A /* NoteEditVC-Helper.swift in Sources */ = {isa = PBXBuildFile; fileRef = F2750E9D26256D370021989A /* NoteEditVC-Helper.swift */; };
		F2750EA126256F180021989A /* NoteEditVC-UI.swift in Sources */ = {isa = PBXBuildFile; fileRef = F2750EA026256F180021989A /* NoteEditVC-UI.swift */; };
		F2750EA42626D5E30021989A /* NoteEditVC-DraftNote.swift in Sources */ = {isa = PBXBuildFile; fileRef = F2750EA32626D5E30021989A /* NoteEditVC-DraftNote.swift */; };
		F2752A7025D26024004EB07B /* NoteEditVC.swift in Sources */ = {isa = PBXBuildFile; fileRef = F2752A6F25D26024004EB07B /* NoteEditVC.swift */; };
		F275798A2600B88800109FB7 /* ChannelVC.swift in Sources */ = {isa = PBXBuildFile; fileRef = F27579892600B88800109FB7 /* ChannelVC.swift */; };
		F27972D325DD1EC9008B2D08 /* PhotoCell.swift in Sources */ = {isa = PBXBuildFile; fileRef = F27972D225DD1EC9008B2D08 /* PhotoCell.swift */; };
		F279B0FC269C953A00C403A4 /* ReplyCell.swift in Sources */ = {isa = PBXBuildFile; fileRef = F279B0FB269C953A00C403A4 /* ReplyCell.swift */; };
		F279B0FF269EB61F00C403A4 /* ExpandableReplies.swift in Sources */ = {isa = PBXBuildFile; fileRef = F279B0FE269EB61F00C403A4 /* ExpandableReplies.swift */; };
		F279B10426A00C0D00C403A4 /* NoteDetailVC-DelReply.swift in Sources */ = {isa = PBXBuildFile; fileRef = F279B10326A00C0D00C403A4 /* NoteDetailVC-DelReply.swift */; };
		F27EBB11263294F9003D5286 /* LoginVC.swift in Sources */ = {isa = PBXBuildFile; fileRef = F27EBB10263294F9003D5286 /* LoginVC.swift */; };
		F27EBB1526329690003D5286 /* LocalLogin-Extension.swift in Sources */ = {isa = PBXBuildFile; fileRef = F27EBB1426329690003D5286 /* LocalLogin-Extension.swift */; };
		F288A83025C160E1001B1D50 /* HomeVC.swift in Sources */ = {isa = PBXBuildFile; fileRef = F288A82F25C160E1001B1D50 /* HomeVC.swift */; };
		F292AE1F261593CD006B2C7C /* DraftNoteWaterfallCell.swift in Sources */ = {isa = PBXBuildFile; fileRef = F292AE1E261593CD006B2C7C /* DraftNoteWaterfallCell.swift */; };
		F292AE32261E9DAC006B2C7C /* WaterfallVC-LoadData.swift in Sources */ = {isa = PBXBuildFile; fileRef = F292AE31261E9DAC006B2C7C /* WaterfallVC-LoadData.swift */; };
		F292AE35261E9E03006B2C7C /* WaterfallVC-Config.swift in Sources */ = {isa = PBXBuildFile; fileRef = F292AE34261E9E03006B2C7C /* WaterfallVC-Config.swift */; };
		F29B9C31269346B800A4F619 /* NoteDetailVC-LoadData.swift in Sources */ = {isa = PBXBuildFile; fileRef = F29B9C30269346B800A4F619 /* NoteDetailVC-LoadData.swift */; };
		F29B9C342694AF3000A4F619 /* NoteDetailVC-DelComment.swift in Sources */ = {isa = PBXBuildFile; fileRef = F29B9C332694AF3000A4F619 /* NoteDetailVC-DelComment.swift */; };
		F29B9C382695C51400A4F619 /* NoteDetailVC-PostComment.swift in Sources */ = {isa = PBXBuildFile; fileRef = F29B9C372695C51400A4F619 /* NoteDetailVC-PostComment.swift */; };
		F29B9C3B2695C56000A4F619 /* NoteDetailVC-PostReply.swift in Sources */ = {isa = PBXBuildFile; fileRef = F29B9C3A2695C56000A4F619 /* NoteDetailVC-PostReply.swift */; };
		F2AC647F25BEAE85000672E8 /* AppDelegate.swift in Sources */ = {isa = PBXBuildFile; fileRef = F2AC647E25BEAE85000672E8 /* AppDelegate.swift */; };
		F2AC648125BEAE85000672E8 /* SceneDelegate.swift in Sources */ = {isa = PBXBuildFile; fileRef = F2AC648025BEAE85000672E8 /* SceneDelegate.swift */; };
		F2AC648625BEAE85000672E8 /* Main.storyboard in Resources */ = {isa = PBXBuildFile; fileRef = F2AC648425BEAE85000672E8 /* Main.storyboard */; };
		F2AC648925BEAE85000672E8 /* LittlePink.xcdatamodeld in Sources */ = {isa = PBXBuildFile; fileRef = F2AC648725BEAE85000672E8 /* LittlePink.xcdatamodeld */; };
		F2AC648B25BEAE86000672E8 /* Assets.xcassets in Resources */ = {isa = PBXBuildFile; fileRef = F2AC648A25BEAE86000672E8 /* Assets.xcassets */; };
		F2AC648E25BEAE86000672E8 /* LaunchScreen.storyboard in Resources */ = {isa = PBXBuildFile; fileRef = F2AC648C25BEAE86000672E8 /* LaunchScreen.storyboard */; };
		F2B0FCBF26298A5D004E206B /* MeVC.swift in Sources */ = {isa = PBXBuildFile; fileRef = F2B0FCBE26298A5D004E206B /* MeVC.swift */; };
		F2B9EC5A26086E59001E74BA /* POICell.swift in Sources */ = {isa = PBXBuildFile; fileRef = F2B9EC5926086E59001E74BA /* POICell.swift */; };
		F2B9EC5D2608833F001E74BA /* POIVC-Config.swift in Sources */ = {isa = PBXBuildFile; fileRef = F2B9EC5C2608833F001E74BA /* POIVC-Config.swift */; };
		F2B9EC6026088408001E74BA /* POVIC-Location.swift in Sources */ = {isa = PBXBuildFile; fileRef = F2B9EC5F26088408001E74BA /* POVIC-Location.swift */; };
		F2B9EC72260C89FD001E74BA /* POIVC-KeywordsSearch.swift in Sources */ = {isa = PBXBuildFile; fileRef = F2B9EC71260C89FD001E74BA /* POIVC-KeywordsSearch.swift */; };
		F2D198F925F2044E00DA1499 /* TV.mp4 in Resources */ = {isa = PBXBuildFile; fileRef = F2D198F725F2029A00DA1499 /* TV.mp4 */; };
		F2D198FC25F2151600DA1499 /* NoteEditVC-DragDrop.swift in Sources */ = {isa = PBXBuildFile; fileRef = F2D198FB25F2151600DA1499 /* NoteEditVC-DragDrop.swift */; };
		F2D1990025F5FFE500DA1499 /* NoteEditVC-CollectionView.swift in Sources */ = {isa = PBXBuildFile; fileRef = F2D198FF25F5FFE500DA1499 /* NoteEditVC-CollectionView.swift */; };
		F2D1990E25FF2DC600DA1499 /* NoteEditVC-Config.swift in Sources */ = {isa = PBXBuildFile; fileRef = F2D1990D25FF2DC600DA1499 /* NoteEditVC-Config.swift */; };
		F2D1991C25FF6A3000DA1499 /* TextViewIAView.xib in Resources */ = {isa = PBXBuildFile; fileRef = F2D1991B25FF6A3000DA1499 /* TextViewIAView.xib */; };
		F2D1991F25FF6C5200DA1499 /* TextViewIAView.swift in Sources */ = {isa = PBXBuildFile; fileRef = F2D1991E25FF6C5200DA1499 /* TextViewIAView.swift */; };
		F2D7AF9C264ADAD900809FFB /* Iterator.swift in Sources */ = {isa = PBXBuildFile; fileRef = F2D7AF9B264ADAD900809FFB /* Iterator.swift */; };
		F2E4BFF326BCF5F90057BD37 /* MyDraftNoteWaterfallCell.swift in Sources */ = {isa = PBXBuildFile; fileRef = F2E4BFF126BCF5F90057BD37 /* MyDraftNoteWaterfallCell.swift */; };
		F2E4BFF426BCF5FA0057BD37 /* MyDraftNoteWaterfallCell.xib in Resources */ = {isa = PBXBuildFile; fileRef = F2E4BFF226BCF5F90057BD37 /* MyDraftNoteWaterfallCell.xib */; };
		F2E4BFF726BFAB910057BD37 /* WaterfallVC-Layout.swift in Sources */ = {isa = PBXBuildFile; fileRef = F2E4BFF626BFAB910057BD37 /* WaterfallVC-Layout.swift */; };
		F2E5B22A2601FB350005AF9A /* ChannelTableVC.swift in Sources */ = {isa = PBXBuildFile; fileRef = F2E5B2292601FB350005AF9A /* ChannelTableVC.swift */; };
		F2E5C3992623DF7C002E06FD /* WaterfallVC-DataSource.swift in Sources */ = {isa = PBXBuildFile; fileRef = F2E5C3982623DF7C002E06FD /* WaterfallVC-DataSource.swift */; };
		F2E5C39C26242DA6002E06FD /* WaterfallVC-Delegate.swift in Sources */ = {isa = PBXBuildFile; fileRef = F2E5C39B26242DA6002E06FD /* WaterfallVC-Delegate.swift */; };
		F2F2EDB42653BE6D00097D55 /* SocialLoginVC-Apple.swift in Sources */ = {isa = PBXBuildFile; fileRef = F2F2EDB32653BE6D00097D55 /* SocialLoginVC-Apple.swift */; };
		F2F2EDCE2656AAA000097D55 /* CodeLoginVC.swift in Sources */ = {isa = PBXBuildFile; fileRef = F2F2EDCD2656AAA000097D55 /* CodeLoginVC.swift */; };
		F2F2EDD12656ABE100097D55 /* PasswordLoginVC.swift in Sources */ = {isa = PBXBuildFile; fileRef = F2F2EDD02656ABE100097D55 /* PasswordLoginVC.swift */; };
		F2F2EDD4265CE58800097D55 /* LC-Extension.swift in Sources */ = {isa = PBXBuildFile; fileRef = F2F2EDD3265CE58800097D55 /* LC-Extension.swift */; };
		F2F2EDD9265D3D7A00097D55 /* Login-Extension.swift in Sources */ = {isa = PBXBuildFile; fileRef = F2F2EDD8265D3D7A00097D55 /* Login-Extension.swift */; };
		F2F2EDDD265EA2CD00097D55 /* LoginAndMeParentVC.swift in Sources */ = {isa = PBXBuildFile; fileRef = F2F2EDDC265EA2CD00097D55 /* LoginAndMeParentVC.swift */; };
		F2FAABEF26A8700C00A08DC3 /* MeVC-UI.swift in Sources */ = {isa = PBXBuildFile; fileRef = F2FAABEE26A8700C00A08DC3 /* MeVC-UI.swift */; };
		F2FAABF226A8747B00A08DC3 /* MeHeaderView.swift in Sources */ = {isa = PBXBuildFile; fileRef = F2FAABF126A8747B00A08DC3 /* MeHeaderView.swift */; };
		F2FAABF526A875BA00A08DC3 /* MeHeaderView.xib in Resources */ = {isa = PBXBuildFile; fileRef = F2FAABF426A875BA00A08DC3 /* MeHeaderView.xib */; };
		F2FCC579264C1E8D0004C106 /* SocialLoginVC.swift in Sources */ = {isa = PBXBuildFile; fileRef = F2FCC578264C1E8D0004C106 /* SocialLoginVC.swift */; };
		F2FCC57C264C20210004C106 /* SocialLoginVC-Alipay.swift in Sources */ = {isa = PBXBuildFile; fileRef = F2FCC57B264C20210004C106 /* SocialLoginVC-Alipay.swift */; };
		F2FCC5B226502D620004C106 /* libssl.a in Frameworks */ = {isa = PBXBuildFile; fileRef = F2FCC5B126502D620004C106 /* libssl.a */; };
		F2FCC5B526502D650004C106 /* libcrypto.a in Frameworks */ = {isa = PBXBuildFile; fileRef = F2FCC5B426502D650004C106 /* libcrypto.a */; };
		F2FCC60C26502E120004C106 /* libcrypto.a in Frameworks */ = {isa = PBXBuildFile; fileRef = F2FCC5B926502E110004C106 /* libcrypto.a */; };
		F2FCC60D26502E120004C106 /* openssl_wrapper.m in Sources */ = {isa = PBXBuildFile; fileRef = F2FCC5BB26502E110004C106 /* openssl_wrapper.m */; };
		F2FCC60E26502E120004C106 /* APRSASigner.m in Sources */ = {isa = PBXBuildFile; fileRef = F2FCC5BE26502E110004C106 /* APRSASigner.m */; };
		F2FCC60F26502E120004C106 /* libssl.a in Frameworks */ = {isa = PBXBuildFile; fileRef = F2FCC5BF26502E110004C106 /* libssl.a */; };
/* End PBXBuildFile section */

/* Begin PBXFileReference section */
		62DB6A9B625D29495A42880E /* MeVC-EditIntro.swift */ = {isa = PBXFileReference; fileEncoding = 4; lastKnownFileType = sourcecode.swift; path = "MeVC-EditIntro.swift"; sourceTree = "<group>"; };
		62DB6B8E06A44C38B07B452C /* MeVC-SettingOrChat.swift */ = {isa = PBXFileReference; fileEncoding = 4; lastKnownFileType = sourcecode.swift; path = "MeVC-SettingOrChat.swift"; sourceTree = "<group>"; };
		62DB6D95E13668A1A8F91C00 /* MeVC-EditOrFollow.swift */ = {isa = PBXFileReference; fileEncoding = 4; lastKnownFileType = sourcecode.swift; path = "MeVC-EditOrFollow.swift"; sourceTree = "<group>"; };
		AC1C2ECD820882225E9AFB38 /* Pods_LittlePink.framework */ = {isa = PBXFileReference; explicitFileType = wrapper.framework; includeInIndex = 0; path = Pods_LittlePink.framework; sourceTree = BUILT_PRODUCTS_DIR; };
		EF1D380A29BBDC7C14672677 /* Pods-LittlePink.debug.xcconfig */ = {isa = PBXFileReference; includeInIndex = 1; lastKnownFileType = text.xcconfig; name = "Pods-LittlePink.debug.xcconfig"; path = "Target Support Files/Pods-LittlePink/Pods-LittlePink.debug.xcconfig"; sourceTree = "<group>"; };
		F202D5F126920CDE006B6EE4 /* CommentView.swift */ = {isa = PBXFileReference; lastKnownFileType = sourcecode.swift; path = CommentView.swift; sourceTree = "<group>"; };
		F202D5F426920CFE006B6EE4 /* CommentView.xib */ = {isa = PBXFileReference; lastKnownFileType = file.xib; path = CommentView.xib; sourceTree = "<group>"; };
		F202D5F726920E98006B6EE4 /* NoteDetailVC-TVDelegate.swift */ = {isa = PBXFileReference; lastKnownFileType = sourcecode.swift; path = "NoteDetailVC-TVDelegate.swift"; sourceTree = "<group>"; };
		F202D5FA26920EB1006B6EE4 /* NoteDetailVC-TVDataSource.swift */ = {isa = PBXFileReference; lastKnownFileType = sourcecode.swift; path = "NoteDetailVC-TVDataSource.swift"; sourceTree = "<group>"; };
		F2041B9A267648E700BBDE6C /* avatarPH.jpeg */ = {isa = PBXFileReference; lastKnownFileType = image.jpeg; path = avatarPH.jpeg; sourceTree = "<group>"; };
		F2041B9B267648E700BBDE6C /* logo.png */ = {isa = PBXFileReference; lastKnownFileType = image.png; path = logo.png; sourceTree = "<group>"; };
		F2111D8325CCF34100C0A4D7 /* ARC+循环引用.playground */ = {isa = PBXFileReference; lastKnownFileType = file.playground; path = "ARC+循环引用.playground"; sourceTree = "<group>"; xcLanguageSpecificationIdentifier = xcode.lang.swift; };
		F21AED06268074FD0022DEF2 /* NoteDetailVC-Like.swift */ = {isa = PBXFileReference; lastKnownFileType = sourcecode.swift; path = "NoteDetailVC-Like.swift"; sourceTree = "<group>"; };
		F21D403D266E720000D91828 /* CustomViews.swift */ = {isa = PBXFileReference; lastKnownFileType = sourcecode.swift; path = CustomViews.swift; sourceTree = "<group>"; };
		F22ABCA425D11A9300ACECE5 /* 枚举.playground */ = {isa = PBXFileReference; lastKnownFileType = file.playground; path = "枚举.playground"; sourceTree = "<group>"; xcLanguageSpecificationIdentifier = xcode.lang.swift; };
		F22E4D1F26A5BA2F0035EB16 /* Other-Extensions.swift */ = {isa = PBXFileReference; lastKnownFileType = sourcecode.swift; path = "Other-Extensions.swift"; sourceTree = "<group>"; };
		F22E85CF2603496600BF7EF9 /* Protocols.swift */ = {isa = PBXFileReference; lastKnownFileType = sourcecode.swift; path = Protocols.swift; sourceTree = "<group>"; };
		F22E85D22604477000BF7EF9 /* POIVC.swift */ = {isa = PBXFileReference; lastKnownFileType = sourcecode.swift; path = POIVC.swift; sourceTree = "<group>"; };
		F22E85E32604B4F600BF7EF9 /* ExternalAccessory.framework */ = {isa = PBXFileReference; lastKnownFileType = wrapper.framework; name = ExternalAccessory.framework; path = System/Library/Frameworks/ExternalAccessory.framework; sourceTree = SDKROOT; };
		F22ED631266678A50021956C /* NoteEditVC-Note.swift */ = {isa = PBXFileReference; lastKnownFileType = sourcecode.swift; path = "NoteEditVC-Note.swift"; sourceTree = "<group>"; };
		F22ED63426672EF90021956C /* NoteDetailVC.swift */ = {isa = PBXFileReference; lastKnownFileType = sourcecode.swift; path = NoteDetailVC.swift; sourceTree = "<group>"; };
		F22ED63A266E69A90021956C /* NoteDetailVC-UI.swift */ = {isa = PBXFileReference; lastKnownFileType = sourcecode.swift; path = "NoteDetailVC-UI.swift"; sourceTree = "<group>"; };
		F22ED63D266E69C70021956C /* NoteDetailVC-Config.swift */ = {isa = PBXFileReference; lastKnownFileType = sourcecode.swift; path = "NoteDetailVC-Config.swift"; sourceTree = "<group>"; };
		F22EF00726B7C864005C9844 /* MeVC-Config.swift */ = {isa = PBXFileReference; lastKnownFileType = sourcecode.swift; path = "MeVC-Config.swift"; sourceTree = "<group>"; };
		F22EF00A26B7C913005C9844 /* MeVC-HeaderView.swift */ = {isa = PBXFileReference; lastKnownFileType = sourcecode.swift; path = "MeVC-HeaderView.swift"; sourceTree = "<group>"; };
		F22F5DA525CCE7DF005A1AEF /* 值类型+引用类型.playground */ = {isa = PBXFileReference; lastKnownFileType = file.playground; path = "值类型+引用类型.playground"; sourceTree = "<group>"; xcLanguageSpecificationIdentifier = xcode.lang.swift; };
		F239A8DC25C28BF700D7414C /* FollowVC.swift */ = {isa = PBXFileReference; lastKnownFileType = sourcecode.swift; path = FollowVC.swift; sourceTree = "<group>"; };
		F239A8E225C28C6A00D7414C /* NearByVC.swift */ = {isa = PBXFileReference; lastKnownFileType = sourcecode.swift; path = NearByVC.swift; sourceTree = "<group>"; };
		F239A8E625C28C8200D7414C /* DiscoveryVC.swift */ = {isa = PBXFileReference; lastKnownFileType = sourcecode.swift; path = DiscoveryVC.swift; sourceTree = "<group>"; };
		F239A8E925C28E3100D7414C /* Constants.swift */ = {isa = PBXFileReference; lastKnownFileType = sourcecode.swift; path = Constants.swift; sourceTree = "<group>"; };
		F23B9C00269B41F800909386 /* CommentSectionFooterView.swift */ = {isa = PBXFileReference; lastKnownFileType = sourcecode.swift; path = CommentSectionFooterView.swift; sourceTree = "<group>"; };
		F24DAEEF25ECDCE7003E1043 /* PhotoFooter.swift */ = {isa = PBXFileReference; lastKnownFileType = sourcecode.swift; path = PhotoFooter.swift; sourceTree = "<group>"; };
		F254D30725E63C0A0054FABC /* 代码实现collectionview.playground */ = {isa = PBXFileReference; lastKnownFileType = file.playground; path = "代码实现collectionview.playground"; sourceTree = "<group>"; xcLanguageSpecificationIdentifier = xcode.lang.swift; };
		F254F65225C4015700A02076 /* WaterfallVC.swift */ = {isa = PBXFileReference; lastKnownFileType = sourcecode.swift; path = WaterfallVC.swift; sourceTree = "<group>"; };
		F254F65E25C40C0B00A02076 /* WaterfallCell.swift */ = {isa = PBXFileReference; lastKnownFileType = sourcecode.swift; path = WaterfallCell.swift; sourceTree = "<group>"; };
		F25D6E06268483D900CFEA5A /* WaterfallCell-Like.swift */ = {isa = PBXFileReference; lastKnownFileType = sourcecode.swift; path = "WaterfallCell-Like.swift"; sourceTree = "<group>"; };
		F25D6E0B2684867B00CFEA5A /* NoteDetailVC-Fav.swift */ = {isa = PBXFileReference; lastKnownFileType = sourcecode.swift; path = "NoteDetailVC-Fav.swift"; sourceTree = "<group>"; };
		F25D6E0E268579DF00CFEA5A /* NoteDetailVC-ShareOrMore.swift */ = {isa = PBXFileReference; lastKnownFileType = sourcecode.swift; path = "NoteDetailVC-ShareOrMore.swift"; sourceTree = "<group>"; };
		F25D6E1126857A8E00CFEA5A /* NoteDetailVC-DelNote.swift */ = {isa = PBXFileReference; lastKnownFileType = sourcecode.swift; path = "NoteDetailVC-DelNote.swift"; sourceTree = "<group>"; };
		F25D6E142685B3A800CFEA5A /* NoteDetailVC-Helper.swift */ = {isa = PBXFileReference; lastKnownFileType = sourcecode.swift; path = "NoteDetailVC-Helper.swift"; sourceTree = "<group>"; };
		F25D6E172685C83300CFEA5A /* NoteDetailVC-EditNote.swift */ = {isa = PBXFileReference; lastKnownFileType = sourcecode.swift; path = "NoteDetailVC-EditNote.swift"; sourceTree = "<group>"; };
		F26BA6F526B6E8D300F6A217 /* NoteDetailVC-MeVC.swift */ = {isa = PBXFileReference; lastKnownFileType = sourcecode.swift; path = "NoteDetailVC-MeVC.swift"; sourceTree = "<group>"; };
		F26BA6F826B6EBF800F6A217 /* MeVC-BackOrDrawer.swift */ = {isa = PBXFileReference; lastKnownFileType = sourcecode.swift; path = "MeVC-BackOrDrawer.swift"; sourceTree = "<group>"; };
		F26BA6FB26B6EF2D00F6A217 /* CustomClasses.swift */ = {isa = PBXFileReference; lastKnownFileType = sourcecode.swift; path = CustomClasses.swift; sourceTree = "<group>"; };
		F273780825C7D55000F4A6E8 /* zh-Hans */ = {isa = PBXFileReference; lastKnownFileType = text.plist.strings; name = "zh-Hans"; path = "zh-Hans.lproj/Main.strings"; sourceTree = "<group>"; };
		F273780925C7D55000F4A6E8 /* zh-Hans */ = {isa = PBXFileReference; lastKnownFileType = text.plist.strings; name = "zh-Hans"; path = "zh-Hans.lproj/LaunchScreen.strings"; sourceTree = "<group>"; };
		F273781225C7E02F00F4A6E8 /* TabBarC.swift */ = {isa = PBXFileReference; lastKnownFileType = sourcecode.swift; path = TabBarC.swift; sourceTree = "<group>"; };
		F273781525C7E26100F4A6E8 /* PostVC.swift */ = {isa = PBXFileReference; lastKnownFileType = sourcecode.swift; path = PostVC.swift; sourceTree = "<group>"; };
		F273781825C8E69E00F4A6E8 /* System-Extensions.swift */ = {isa = PBXFileReference; lastKnownFileType = sourcecode.swift; path = "System-Extensions.swift"; sourceTree = "<group>"; };
		F273781E25C93C3500F4A6E8 /* 闭包.playground */ = {isa = PBXFileReference; lastKnownFileType = file.playground; path = "闭包.playground"; sourceTree = "<group>"; xcLanguageSpecificationIdentifier = xcode.lang.swift; };
		F274A1CC25F0BB3E00C0DC18 /* LittlePink-Bridging-Header.h */ = {isa = PBXFileReference; lastKnownFileType = sourcecode.c.h; path = "LittlePink-Bridging-Header.h"; sourceTree = "<group>"; };
		F2750E9D26256D370021989A /* NoteEditVC-Helper.swift */ = {isa = PBXFileReference; lastKnownFileType = sourcecode.swift; path = "NoteEditVC-Helper.swift"; sourceTree = "<group>"; };
		F2750EA026256F180021989A /* NoteEditVC-UI.swift */ = {isa = PBXFileReference; lastKnownFileType = sourcecode.swift; path = "NoteEditVC-UI.swift"; sourceTree = "<group>"; };
		F2750EA32626D5E30021989A /* NoteEditVC-DraftNote.swift */ = {isa = PBXFileReference; lastKnownFileType = sourcecode.swift; path = "NoteEditVC-DraftNote.swift"; sourceTree = "<group>"; };
		F2752A6F25D26024004EB07B /* NoteEditVC.swift */ = {isa = PBXFileReference; lastKnownFileType = sourcecode.swift; path = NoteEditVC.swift; sourceTree = "<group>"; };
		F27579892600B88800109FB7 /* ChannelVC.swift */ = {isa = PBXFileReference; lastKnownFileType = sourcecode.swift; path = ChannelVC.swift; sourceTree = "<group>"; };
		F27972D225DD1EC9008B2D08 /* PhotoCell.swift */ = {isa = PBXFileReference; lastKnownFileType = sourcecode.swift; path = PhotoCell.swift; sourceTree = "<group>"; };
		F279B0FB269C953A00C403A4 /* ReplyCell.swift */ = {isa = PBXFileReference; lastKnownFileType = sourcecode.swift; path = ReplyCell.swift; sourceTree = "<group>"; };
		F279B0FE269EB61F00C403A4 /* ExpandableReplies.swift */ = {isa = PBXFileReference; lastKnownFileType = sourcecode.swift; path = ExpandableReplies.swift; sourceTree = "<group>"; };
		F279B10326A00C0D00C403A4 /* NoteDetailVC-DelReply.swift */ = {isa = PBXFileReference; lastKnownFileType = sourcecode.swift; path = "NoteDetailVC-DelReply.swift"; sourceTree = "<group>"; };
		F27EBB10263294F9003D5286 /* LoginVC.swift */ = {isa = PBXFileReference; lastKnownFileType = sourcecode.swift; path = LoginVC.swift; sourceTree = "<group>"; };
		F27EBB1426329690003D5286 /* LocalLogin-Extension.swift */ = {isa = PBXFileReference; lastKnownFileType = sourcecode.swift; path = "LocalLogin-Extension.swift"; sourceTree = "<group>"; };
		F288A82F25C160E1001B1D50 /* HomeVC.swift */ = {isa = PBXFileReference; lastKnownFileType = sourcecode.swift; path = HomeVC.swift; sourceTree = "<group>"; };
		F292AE1E261593CD006B2C7C /* DraftNoteWaterfallCell.swift */ = {isa = PBXFileReference; lastKnownFileType = sourcecode.swift; path = DraftNoteWaterfallCell.swift; sourceTree = "<group>"; };
		F292AE31261E9DAC006B2C7C /* WaterfallVC-LoadData.swift */ = {isa = PBXFileReference; lastKnownFileType = sourcecode.swift; path = "WaterfallVC-LoadData.swift"; sourceTree = "<group>"; };
		F292AE34261E9E03006B2C7C /* WaterfallVC-Config.swift */ = {isa = PBXFileReference; lastKnownFileType = sourcecode.swift; path = "WaterfallVC-Config.swift"; sourceTree = "<group>"; };
		F29B9C30269346B800A4F619 /* NoteDetailVC-LoadData.swift */ = {isa = PBXFileReference; lastKnownFileType = sourcecode.swift; path = "NoteDetailVC-LoadData.swift"; sourceTree = "<group>"; };
		F29B9C332694AF3000A4F619 /* NoteDetailVC-DelComment.swift */ = {isa = PBXFileReference; lastKnownFileType = sourcecode.swift; path = "NoteDetailVC-DelComment.swift"; sourceTree = "<group>"; };
		F29B9C372695C51400A4F619 /* NoteDetailVC-PostComment.swift */ = {isa = PBXFileReference; lastKnownFileType = sourcecode.swift; path = "NoteDetailVC-PostComment.swift"; sourceTree = "<group>"; };
		F29B9C3A2695C56000A4F619 /* NoteDetailVC-PostReply.swift */ = {isa = PBXFileReference; lastKnownFileType = sourcecode.swift; path = "NoteDetailVC-PostReply.swift"; sourceTree = "<group>"; };
		F2AC647B25BEAE85000672E8 /* LittlePink.app */ = {isa = PBXFileReference; explicitFileType = wrapper.application; includeInIndex = 0; path = LittlePink.app; sourceTree = BUILT_PRODUCTS_DIR; };
		F2AC647E25BEAE85000672E8 /* AppDelegate.swift */ = {isa = PBXFileReference; lastKnownFileType = sourcecode.swift; path = AppDelegate.swift; sourceTree = "<group>"; };
		F2AC648025BEAE85000672E8 /* SceneDelegate.swift */ = {isa = PBXFileReference; lastKnownFileType = sourcecode.swift; path = SceneDelegate.swift; sourceTree = "<group>"; };
		F2AC648525BEAE85000672E8 /* Base */ = {isa = PBXFileReference; lastKnownFileType = file.storyboard; name = Base; path = Base.lproj/Main.storyboard; sourceTree = "<group>"; };
		F2AC648825BEAE85000672E8 /* LittlePink.xcdatamodel */ = {isa = PBXFileReference; lastKnownFileType = wrapper.xcdatamodel; path = LittlePink.xcdatamodel; sourceTree = "<group>"; };
		F2AC648A25BEAE86000672E8 /* Assets.xcassets */ = {isa = PBXFileReference; lastKnownFileType = folder.assetcatalog; path = Assets.xcassets; sourceTree = "<group>"; };
		F2AC648D25BEAE86000672E8 /* Base */ = {isa = PBXFileReference; lastKnownFileType = file.storyboard; name = Base; path = Base.lproj/LaunchScreen.storyboard; sourceTree = "<group>"; };
		F2AC648F25BEAE86000672E8 /* Info.plist */ = {isa = PBXFileReference; lastKnownFileType = text.plist.xml; path = Info.plist; sourceTree = "<group>"; };
		F2B0FCBE26298A5D004E206B /* MeVC.swift */ = {isa = PBXFileReference; lastKnownFileType = sourcecode.swift; path = MeVC.swift; sourceTree = "<group>"; };
		F2B9EC5926086E59001E74BA /* POICell.swift */ = {isa = PBXFileReference; lastKnownFileType = sourcecode.swift; path = POICell.swift; sourceTree = "<group>"; };
		F2B9EC5C2608833F001E74BA /* POIVC-Config.swift */ = {isa = PBXFileReference; lastKnownFileType = sourcecode.swift; path = "POIVC-Config.swift"; sourceTree = "<group>"; };
		F2B9EC5F26088408001E74BA /* POVIC-Location.swift */ = {isa = PBXFileReference; lastKnownFileType = sourcecode.swift; path = "POVIC-Location.swift"; sourceTree = "<group>"; };
		F2B9EC71260C89FD001E74BA /* POIVC-KeywordsSearch.swift */ = {isa = PBXFileReference; lastKnownFileType = sourcecode.swift; path = "POIVC-KeywordsSearch.swift"; sourceTree = "<group>"; };
		F2D198F725F2029A00DA1499 /* TV.mp4 */ = {isa = PBXFileReference; lastKnownFileType = file; path = TV.mp4; sourceTree = "<group>"; };
		F2D198FB25F2151600DA1499 /* NoteEditVC-DragDrop.swift */ = {isa = PBXFileReference; lastKnownFileType = sourcecode.swift; path = "NoteEditVC-DragDrop.swift"; sourceTree = "<group>"; };
		F2D198FF25F5FFE500DA1499 /* NoteEditVC-CollectionView.swift */ = {isa = PBXFileReference; lastKnownFileType = sourcecode.swift; path = "NoteEditVC-CollectionView.swift"; sourceTree = "<group>"; };
		F2D1990D25FF2DC600DA1499 /* NoteEditVC-Config.swift */ = {isa = PBXFileReference; lastKnownFileType = sourcecode.swift; path = "NoteEditVC-Config.swift"; sourceTree = "<group>"; };
		F2D1991B25FF6A3000DA1499 /* TextViewIAView.xib */ = {isa = PBXFileReference; lastKnownFileType = file.xib; path = TextViewIAView.xib; sourceTree = "<group>"; };
		F2D1991E25FF6C5200DA1499 /* TextViewIAView.swift */ = {isa = PBXFileReference; lastKnownFileType = sourcecode.swift; path = TextViewIAView.swift; sourceTree = "<group>"; };
		F2D7AF9B264ADAD900809FFB /* Iterator.swift */ = {isa = PBXFileReference; lastKnownFileType = sourcecode.swift; path = Iterator.swift; sourceTree = "<group>"; };
		F2E4BFF126BCF5F90057BD37 /* MyDraftNoteWaterfallCell.swift */ = {isa = PBXFileReference; lastKnownFileType = sourcecode.swift; path = MyDraftNoteWaterfallCell.swift; sourceTree = "<group>"; };
		F2E4BFF226BCF5F90057BD37 /* MyDraftNoteWaterfallCell.xib */ = {isa = PBXFileReference; lastKnownFileType = file.xib; path = MyDraftNoteWaterfallCell.xib; sourceTree = "<group>"; };
		F2E4BFF626BFAB910057BD37 /* WaterfallVC-Layout.swift */ = {isa = PBXFileReference; lastKnownFileType = sourcecode.swift; path = "WaterfallVC-Layout.swift"; sourceTree = "<group>"; };
		F2E5B2292601FB350005AF9A /* ChannelTableVC.swift */ = {isa = PBXFileReference; lastKnownFileType = sourcecode.swift; path = ChannelTableVC.swift; sourceTree = "<group>"; };
		F2E5C3982623DF7C002E06FD /* WaterfallVC-DataSource.swift */ = {isa = PBXFileReference; lastKnownFileType = sourcecode.swift; path = "WaterfallVC-DataSource.swift"; sourceTree = "<group>"; };
		F2E5C39B26242DA6002E06FD /* WaterfallVC-Delegate.swift */ = {isa = PBXFileReference; lastKnownFileType = sourcecode.swift; path = "WaterfallVC-Delegate.swift"; sourceTree = "<group>"; };
		F2F2EDB32653BE6D00097D55 /* SocialLoginVC-Apple.swift */ = {isa = PBXFileReference; lastKnownFileType = sourcecode.swift; path = "SocialLoginVC-Apple.swift"; sourceTree = "<group>"; };
		F2F2EDCD2656AAA000097D55 /* CodeLoginVC.swift */ = {isa = PBXFileReference; lastKnownFileType = sourcecode.swift; path = CodeLoginVC.swift; sourceTree = "<group>"; };
		F2F2EDD02656ABE100097D55 /* PasswordLoginVC.swift */ = {isa = PBXFileReference; lastKnownFileType = sourcecode.swift; path = PasswordLoginVC.swift; sourceTree = "<group>"; };
		F2F2EDD3265CE58800097D55 /* LC-Extension.swift */ = {isa = PBXFileReference; lastKnownFileType = sourcecode.swift; path = "LC-Extension.swift"; sourceTree = "<group>"; };
		F2F2EDD8265D3D7A00097D55 /* Login-Extension.swift */ = {isa = PBXFileReference; lastKnownFileType = sourcecode.swift; path = "Login-Extension.swift"; sourceTree = "<group>"; };
		F2F2EDDC265EA2CD00097D55 /* LoginAndMeParentVC.swift */ = {isa = PBXFileReference; lastKnownFileType = sourcecode.swift; path = LoginAndMeParentVC.swift; sourceTree = "<group>"; };
		F2FAABEE26A8700C00A08DC3 /* MeVC-UI.swift */ = {isa = PBXFileReference; lastKnownFileType = sourcecode.swift; path = "MeVC-UI.swift"; sourceTree = "<group>"; };
		F2FAABF126A8747B00A08DC3 /* MeHeaderView.swift */ = {isa = PBXFileReference; lastKnownFileType = sourcecode.swift; path = MeHeaderView.swift; sourceTree = "<group>"; };
		F2FAABF426A875BA00A08DC3 /* MeHeaderView.xib */ = {isa = PBXFileReference; lastKnownFileType = file.xib; path = MeHeaderView.xib; sourceTree = "<group>"; };
		F2FCC578264C1E8D0004C106 /* SocialLoginVC.swift */ = {isa = PBXFileReference; lastKnownFileType = sourcecode.swift; path = SocialLoginVC.swift; sourceTree = "<group>"; };
		F2FCC57B264C20210004C106 /* SocialLoginVC-Alipay.swift */ = {isa = PBXFileReference; lastKnownFileType = sourcecode.swift; path = "SocialLoginVC-Alipay.swift"; sourceTree = "<group>"; };
		F2FCC5B126502D620004C106 /* libssl.a */ = {isa = PBXFileReference; lastKnownFileType = archive.ar; name = libssl.a; path = AliSDKDemo/libssl.a; sourceTree = "<group>"; };
		F2FCC5B426502D650004C106 /* libcrypto.a */ = {isa = PBXFileReference; lastKnownFileType = archive.ar; name = libcrypto.a; path = AliSDKDemo/libcrypto.a; sourceTree = "<group>"; };
		F2FCC5B926502E110004C106 /* libcrypto.a */ = {isa = PBXFileReference; lastKnownFileType = archive.ar; path = libcrypto.a; sourceTree = "<group>"; };
		F2FCC5BB26502E110004C106 /* openssl_wrapper.m */ = {isa = PBXFileReference; fileEncoding = 4; lastKnownFileType = sourcecode.c.objc; path = openssl_wrapper.m; sourceTree = "<group>"; };
		F2FCC5BC26502E110004C106 /* APRSASigner.h */ = {isa = PBXFileReference; fileEncoding = 4; lastKnownFileType = sourcecode.c.h; path = APRSASigner.h; sourceTree = "<group>"; };
		F2FCC5BD26502E110004C106 /* openssl_wrapper.h */ = {isa = PBXFileReference; fileEncoding = 4; lastKnownFileType = sourcecode.c.h; path = openssl_wrapper.h; sourceTree = "<group>"; };
		F2FCC5BE26502E110004C106 /* APRSASigner.m */ = {isa = PBXFileReference; fileEncoding = 4; lastKnownFileType = sourcecode.c.objc; path = APRSASigner.m; sourceTree = "<group>"; };
		F2FCC5BF26502E110004C106 /* libssl.a */ = {isa = PBXFileReference; lastKnownFileType = archive.ar; path = libssl.a; sourceTree = "<group>"; };
		F2FCC5C126502E110004C106 /* pem2.h */ = {isa = PBXFileReference; fileEncoding = 4; lastKnownFileType = sourcecode.c.h; path = pem2.h; sourceTree = "<group>"; };
		F2FCC5C226502E110004C106 /* pem.h */ = {isa = PBXFileReference; fileEncoding = 4; lastKnownFileType = sourcecode.c.h; path = pem.h; sourceTree = "<group>"; };
		F2FCC5C326502E110004C106 /* ssl3.h */ = {isa = PBXFileReference; fileEncoding = 4; lastKnownFileType = sourcecode.c.h; path = ssl3.h; sourceTree = "<group>"; };
		F2FCC5C426502E110004C106 /* ossl_typ.h */ = {isa = PBXFileReference; fileEncoding = 4; lastKnownFileType = sourcecode.c.h; path = ossl_typ.h; sourceTree = "<group>"; };
		F2FCC5C526502E110004C106 /* dtls1.h */ = {isa = PBXFileReference; fileEncoding = 4; lastKnownFileType = sourcecode.c.h; path = dtls1.h; sourceTree = "<group>"; };
		F2FCC5C626502E110004C106 /* err.h */ = {isa = PBXFileReference; fileEncoding = 4; lastKnownFileType = sourcecode.c.h; path = err.h; sourceTree = "<group>"; };
		F2FCC5C726502E110004C106 /* bn.h */ = {isa = PBXFileReference; fileEncoding = 4; lastKnownFileType = sourcecode.c.h; path = bn.h; sourceTree = "<group>"; };
		F2FCC5C826502E110004C106 /* blowfish.h */ = {isa = PBXFileReference; fileEncoding = 4; lastKnownFileType = sourcecode.c.h; path = blowfish.h; sourceTree = "<group>"; };
		F2FCC5C926502E110004C106 /* cms.h */ = {isa = PBXFileReference; fileEncoding = 4; lastKnownFileType = sourcecode.c.h; path = cms.h; sourceTree = "<group>"; };
		F2FCC5CA26502E110004C106 /* engine.h */ = {isa = PBXFileReference; fileEncoding = 4; lastKnownFileType = sourcecode.c.h; path = engine.h; sourceTree = "<group>"; };
		F2FCC5CB26502E110004C106 /* conf_api.h */ = {isa = PBXFileReference; fileEncoding = 4; lastKnownFileType = sourcecode.c.h; path = conf_api.h; sourceTree = "<group>"; };
		F2FCC5CC26502E110004C106 /* x509.h */ = {isa = PBXFileReference; fileEncoding = 4; lastKnownFileType = sourcecode.c.h; path = x509.h; sourceTree = "<group>"; };
		F2FCC5CD26502E110004C106 /* asn1_mac.h */ = {isa = PBXFileReference; fileEncoding = 4; lastKnownFileType = sourcecode.c.h; path = asn1_mac.h; sourceTree = "<group>"; };
		F2FCC5CE26502E110004C106 /* ui.h */ = {isa = PBXFileReference; fileEncoding = 4; lastKnownFileType = sourcecode.c.h; path = ui.h; sourceTree = "<group>"; };
		F2FCC5CF26502E110004C106 /* kssl.h */ = {isa = PBXFileReference; fileEncoding = 4; lastKnownFileType = sourcecode.c.h; path = kssl.h; sourceTree = "<group>"; };
		F2FCC5D026502E110004C106 /* sha.h */ = {isa = PBXFileReference; fileEncoding = 4; lastKnownFileType = sourcecode.c.h; path = sha.h; sourceTree = "<group>"; };
		F2FCC5D126502E110004C106 /* symhacks.h */ = {isa = PBXFileReference; fileEncoding = 4; lastKnownFileType = sourcecode.c.h; path = symhacks.h; sourceTree = "<group>"; };
		F2FCC5D226502E110004C106 /* asn1.h */ = {isa = PBXFileReference; fileEncoding = 4; lastKnownFileType = sourcecode.c.h; path = asn1.h; sourceTree = "<group>"; };
		F2FCC5D326502E110004C106 /* opensslconf.h */ = {isa = PBXFileReference; fileEncoding = 4; lastKnownFileType = sourcecode.c.h; path = opensslconf.h; sourceTree = "<group>"; };
		F2FCC5D426502E110004C106 /* bio.h */ = {isa = PBXFileReference; fileEncoding = 4; lastKnownFileType = sourcecode.c.h; path = bio.h; sourceTree = "<group>"; };
		F2FCC5D526502E110004C106 /* rc2.h */ = {isa = PBXFileReference; fileEncoding = 4; lastKnownFileType = sourcecode.c.h; path = rc2.h; sourceTree = "<group>"; };
		F2FCC5D626502E110004C106 /* dh.h */ = {isa = PBXFileReference; fileEncoding = 4; lastKnownFileType = sourcecode.c.h; path = dh.h; sourceTree = "<group>"; };
		F2FCC5D726502E110004C106 /* ui_compat.h */ = {isa = PBXFileReference; fileEncoding = 4; lastKnownFileType = sourcecode.c.h; path = ui_compat.h; sourceTree = "<group>"; };
		F2FCC5D826502E110004C106 /* x509v3.h */ = {isa = PBXFileReference; fileEncoding = 4; lastKnownFileType = sourcecode.c.h; path = x509v3.h; sourceTree = "<group>"; };
		F2FCC5D926502E110004C106 /* ssl23.h */ = {isa = PBXFileReference; fileEncoding = 4; lastKnownFileType = sourcecode.c.h; path = ssl23.h; sourceTree = "<group>"; };
		F2FCC5DA26502E110004C106 /* conf.h */ = {isa = PBXFileReference; fileEncoding = 4; lastKnownFileType = sourcecode.c.h; path = conf.h; sourceTree = "<group>"; };
		F2FCC5DB26502E110004C106 /* md5.h */ = {isa = PBXFileReference; fileEncoding = 4; lastKnownFileType = sourcecode.c.h; path = md5.h; sourceTree = "<group>"; };
		F2FCC5DC26502E110004C106 /* x509_vfy.h */ = {isa = PBXFileReference; fileEncoding = 4; lastKnownFileType = sourcecode.c.h; path = x509_vfy.h; sourceTree = "<group>"; };
		F2FCC5DD26502E110004C106 /* txt_db.h */ = {isa = PBXFileReference; fileEncoding = 4; lastKnownFileType = sourcecode.c.h; path = txt_db.h; sourceTree = "<group>"; };
		F2FCC5DE26502E110004C106 /* safestack.h */ = {isa = PBXFileReference; fileEncoding = 4; lastKnownFileType = sourcecode.c.h; path = safestack.h; sourceTree = "<group>"; };
		F2FCC5DF26502E110004C106 /* ecdsa.h */ = {isa = PBXFileReference; fileEncoding = 4; lastKnownFileType = sourcecode.c.h; path = ecdsa.h; sourceTree = "<group>"; };
		F2FCC5E026502E110004C106 /* objects.h */ = {isa = PBXFileReference; fileEncoding = 4; lastKnownFileType = sourcecode.c.h; path = objects.h; sourceTree = "<group>"; };
		F2FCC5E126502E110004C106 /* pkcs12.h */ = {isa = PBXFileReference; fileEncoding = 4; lastKnownFileType = sourcecode.c.h; path = pkcs12.h; sourceTree = "<group>"; };
		F2FCC5E226502E110004C106 /* crypto.h */ = {isa = PBXFileReference; fileEncoding = 4; lastKnownFileType = sourcecode.c.h; path = crypto.h; sourceTree = "<group>"; };
		F2FCC5E326502E110004C106 /* opensslv.h */ = {isa = PBXFileReference; fileEncoding = 4; lastKnownFileType = sourcecode.c.h; path = opensslv.h; sourceTree = "<group>"; };
		F2FCC5E426502E110004C106 /* pkcs7.h */ = {isa = PBXFileReference; fileEncoding = 4; lastKnownFileType = sourcecode.c.h; path = pkcs7.h; sourceTree = "<group>"; };
		F2FCC5E526502E110004C106 /* obj_mac.h */ = {isa = PBXFileReference; fileEncoding = 4; lastKnownFileType = sourcecode.c.h; path = obj_mac.h; sourceTree = "<group>"; };
		F2FCC5E626502E110004C106 /* buffer.h */ = {isa = PBXFileReference; fileEncoding = 4; lastKnownFileType = sourcecode.c.h; path = buffer.h; sourceTree = "<group>"; };
		F2FCC5E726502E110004C106 /* ssl.h */ = {isa = PBXFileReference; fileEncoding = 4; lastKnownFileType = sourcecode.c.h; path = ssl.h; sourceTree = "<group>"; };
		F2FCC5E826502E110004C106 /* srp.h */ = {isa = PBXFileReference; fileEncoding = 4; lastKnownFileType = sourcecode.c.h; path = srp.h; sourceTree = "<group>"; };
		F2FCC5E926502E110004C106 /* camellia.h */ = {isa = PBXFileReference; fileEncoding = 4; lastKnownFileType = sourcecode.c.h; path = camellia.h; sourceTree = "<group>"; };
		F2FCC5EA26502E110004C106 /* evp.h */ = {isa = PBXFileReference; fileEncoding = 4; lastKnownFileType = sourcecode.c.h; path = evp.h; sourceTree = "<group>"; };
		F2FCC5EB26502E110004C106 /* e_os2.h */ = {isa = PBXFileReference; fileEncoding = 4; lastKnownFileType = sourcecode.c.h; path = e_os2.h; sourceTree = "<group>"; };
		F2FCC5EC26502E110004C106 /* md4.h */ = {isa = PBXFileReference; fileEncoding = 4; lastKnownFileType = sourcecode.c.h; path = md4.h; sourceTree = "<group>"; };
		F2FCC5ED26502E110004C106 /* hmac.h */ = {isa = PBXFileReference; fileEncoding = 4; lastKnownFileType = sourcecode.c.h; path = hmac.h; sourceTree = "<group>"; };
		F2FCC5EE26502E110004C106 /* aes.h */ = {isa = PBXFileReference; fileEncoding = 4; lastKnownFileType = sourcecode.c.h; path = aes.h; sourceTree = "<group>"; };
		F2FCC5EF26502E110004C106 /* comp.h */ = {isa = PBXFileReference; fileEncoding = 4; lastKnownFileType = sourcecode.c.h; path = comp.h; sourceTree = "<group>"; };
		F2FCC5F026502E110004C106 /* cast.h */ = {isa = PBXFileReference; fileEncoding = 4; lastKnownFileType = sourcecode.c.h; path = cast.h; sourceTree = "<group>"; };
		F2FCC5F126502E110004C106 /* rc4.h */ = {isa = PBXFileReference; fileEncoding = 4; lastKnownFileType = sourcecode.c.h; path = rc4.h; sourceTree = "<group>"; };
		F2FCC5F226502E110004C106 /* stack.h */ = {isa = PBXFileReference; fileEncoding = 4; lastKnownFileType = sourcecode.c.h; path = stack.h; sourceTree = "<group>"; };
		F2FCC5F326502E110004C106 /* des.h */ = {isa = PBXFileReference; fileEncoding = 4; lastKnownFileType = sourcecode.c.h; path = des.h; sourceTree = "<group>"; };
		F2FCC5F426502E110004C106 /* ocsp.h */ = {isa = PBXFileReference; fileEncoding = 4; lastKnownFileType = sourcecode.c.h; path = ocsp.h; sourceTree = "<group>"; };
		F2FCC5F526502E110004C106 /* ec.h */ = {isa = PBXFileReference; fileEncoding = 4; lastKnownFileType = sourcecode.c.h; path = ec.h; sourceTree = "<group>"; };
		F2FCC5F626502E110004C106 /* ecdh.h */ = {isa = PBXFileReference; fileEncoding = 4; lastKnownFileType = sourcecode.c.h; path = ecdh.h; sourceTree = "<group>"; };
		F2FCC5F726502E110004C106 /* rand.h */ = {isa = PBXFileReference; fileEncoding = 4; lastKnownFileType = sourcecode.c.h; path = rand.h; sourceTree = "<group>"; };
		F2FCC5F826502E110004C106 /* ts.h */ = {isa = PBXFileReference; fileEncoding = 4; lastKnownFileType = sourcecode.c.h; path = ts.h; sourceTree = "<group>"; };
		F2FCC5F926502E110004C106 /* pqueue.h */ = {isa = PBXFileReference; fileEncoding = 4; lastKnownFileType = sourcecode.c.h; path = pqueue.h; sourceTree = "<group>"; };
		F2FCC5FA26502E110004C106 /* dso.h */ = {isa = PBXFileReference; fileEncoding = 4; lastKnownFileType = sourcecode.c.h; path = dso.h; sourceTree = "<group>"; };
		F2FCC5FB26502E110004C106 /* seed.h */ = {isa = PBXFileReference; fileEncoding = 4; lastKnownFileType = sourcecode.c.h; path = seed.h; sourceTree = "<group>"; };
		F2FCC5FC26502E110004C106 /* modes.h */ = {isa = PBXFileReference; fileEncoding = 4; lastKnownFileType = sourcecode.c.h; path = modes.h; sourceTree = "<group>"; };
		F2FCC5FD26502E110004C106 /* ssl2.h */ = {isa = PBXFileReference; fileEncoding = 4; lastKnownFileType = sourcecode.c.h; path = ssl2.h; sourceTree = "<group>"; };
		F2FCC5FE26502E110004C106 /* rsa.h */ = {isa = PBXFileReference; fileEncoding = 4; lastKnownFileType = sourcecode.c.h; path = rsa.h; sourceTree = "<group>"; };
		F2FCC5FF26502E110004C106 /* krb5_asn.h */ = {isa = PBXFileReference; fileEncoding = 4; lastKnownFileType = sourcecode.c.h; path = krb5_asn.h; sourceTree = "<group>"; };
		F2FCC60026502E110004C106 /* des_old.h */ = {isa = PBXFileReference; fileEncoding = 4; lastKnownFileType = sourcecode.c.h; path = des_old.h; sourceTree = "<group>"; };
		F2FCC60126502E110004C106 /* ripemd.h */ = {isa = PBXFileReference; fileEncoding = 4; lastKnownFileType = sourcecode.c.h; path = ripemd.h; sourceTree = "<group>"; };
		F2FCC60226502E110004C106 /* whrlpool.h */ = {isa = PBXFileReference; fileEncoding = 4; lastKnownFileType = sourcecode.c.h; path = whrlpool.h; sourceTree = "<group>"; };
		F2FCC60326502E110004C106 /* tls1.h */ = {isa = PBXFileReference; fileEncoding = 4; lastKnownFileType = sourcecode.c.h; path = tls1.h; sourceTree = "<group>"; };
		F2FCC60426502E110004C106 /* mdc2.h */ = {isa = PBXFileReference; fileEncoding = 4; lastKnownFileType = sourcecode.c.h; path = mdc2.h; sourceTree = "<group>"; };
		F2FCC60526502E110004C106 /* dsa.h */ = {isa = PBXFileReference; fileEncoding = 4; lastKnownFileType = sourcecode.c.h; path = dsa.h; sourceTree = "<group>"; };
		F2FCC60626502E110004C106 /* srtp.h */ = {isa = PBXFileReference; fileEncoding = 4; lastKnownFileType = sourcecode.c.h; path = srtp.h; sourceTree = "<group>"; };
		F2FCC60726502E110004C106 /* asn1t.h */ = {isa = PBXFileReference; fileEncoding = 4; lastKnownFileType = sourcecode.c.h; path = asn1t.h; sourceTree = "<group>"; };
		F2FCC60826502E110004C106 /* cmac.h */ = {isa = PBXFileReference; fileEncoding = 4; lastKnownFileType = sourcecode.c.h; path = cmac.h; sourceTree = "<group>"; };
		F2FCC60926502E110004C106 /* ebcdic.h */ = {isa = PBXFileReference; fileEncoding = 4; lastKnownFileType = sourcecode.c.h; path = ebcdic.h; sourceTree = "<group>"; };
		F2FCC60A26502E120004C106 /* idea.h */ = {isa = PBXFileReference; fileEncoding = 4; lastKnownFileType = sourcecode.c.h; path = idea.h; sourceTree = "<group>"; };
		F2FCC60B26502E120004C106 /* lhash.h */ = {isa = PBXFileReference; fileEncoding = 4; lastKnownFileType = sourcecode.c.h; path = lhash.h; sourceTree = "<group>"; };
		FF4B0E5D10400B0B19904172 /* Pods-LittlePink.release.xcconfig */ = {isa = PBXFileReference; includeInIndex = 1; lastKnownFileType = text.xcconfig; name = "Pods-LittlePink.release.xcconfig"; path = "Target Support Files/Pods-LittlePink/Pods-LittlePink.release.xcconfig"; sourceTree = "<group>"; };
/* End PBXFileReference section */

/* Begin PBXFrameworksBuildPhase section */
		F2AC647825BEAE85000672E8 /* Frameworks */ = {
			isa = PBXFrameworksBuildPhase;
			buildActionMask = 2147483647;
			files = (
				F22E85E42604B4F600BF7EF9 /* ExternalAccessory.framework in Frameworks */,
				F2FCC60C26502E120004C106 /* libcrypto.a in Frameworks */,
				F2FCC60F26502E120004C106 /* libssl.a in Frameworks */,
				28DD14755C130CA0F7C94A7A /* Pods_LittlePink.framework in Frameworks */,
				F2FCC5B526502D650004C106 /* libcrypto.a in Frameworks */,
				F2FCC5B226502D620004C106 /* libssl.a in Frameworks */,
			);
			runOnlyForDeploymentPostprocessing = 0;
		};
/* End PBXFrameworksBuildPhase section */

/* Begin PBXGroup section */
		208E84098DECF05ABBC06FAD /* Frameworks */ = {
			isa = PBXGroup;
			children = (
				F22E85E32604B4F600BF7EF9 /* ExternalAccessory.framework */,
				AC1C2ECD820882225E9AFB38 /* Pods_LittlePink.framework */,
				F2FCC5B126502D620004C106 /* libssl.a */,
				F2FCC5B426502D650004C106 /* libcrypto.a */,
			);
			name = Frameworks;
			sourceTree = "<group>";
		};
		ADD8834EC448CA72465EECDE /* Pods */ = {
			isa = PBXGroup;
			children = (
				EF1D380A29BBDC7C14672677 /* Pods-LittlePink.debug.xcconfig */,
				FF4B0E5D10400B0B19904172 /* Pods-LittlePink.release.xcconfig */,
			);
			path = Pods;
			sourceTree = "<group>";
		};
		F2041BA0267648F800BBDE6C /* Resource */ = {
			isa = PBXGroup;
			children = (
				F2041B9A267648E700BBDE6C /* avatarPH.jpeg */,
				F2041B9B267648E700BBDE6C /* logo.png */,
			);
			path = Resource;
			sourceTree = "<group>";
		};
		F22ED63726672F1A0021956C /* NoteDetail */ = {
			isa = PBXGroup;
			children = (
				F22ED63426672EF90021956C /* NoteDetailVC.swift */,
				F22ED63D266E69C70021956C /* NoteDetailVC-Config.swift */,
				F22ED63A266E69A90021956C /* NoteDetailVC-UI.swift */,
				F29B9C30269346B800A4F619 /* NoteDetailVC-LoadData.swift */,
				F25D6E0E268579DF00CFEA5A /* NoteDetailVC-ShareOrMore.swift */,
				F25D6E1126857A8E00CFEA5A /* NoteDetailVC-DelNote.swift */,
				F25D6E172685C83300CFEA5A /* NoteDetailVC-EditNote.swift */,
				F21AED06268074FD0022DEF2 /* NoteDetailVC-Like.swift */,
				F25D6E0B2684867B00CFEA5A /* NoteDetailVC-Fav.swift */,
				F202D5FA26920EB1006B6EE4 /* NoteDetailVC-TVDataSource.swift */,
				F202D5F726920E98006B6EE4 /* NoteDetailVC-TVDelegate.swift */,
				F29B9C372695C51400A4F619 /* NoteDetailVC-PostComment.swift */,
				F29B9C332694AF3000A4F619 /* NoteDetailVC-DelComment.swift */,
				F29B9C3A2695C56000A4F619 /* NoteDetailVC-PostReply.swift */,
				F279B10326A00C0D00C403A4 /* NoteDetailVC-DelReply.swift */,
				F26BA6F526B6E8D300F6A217 /* NoteDetailVC-MeVC.swift */,
				F25D6E142685B3A800CFEA5A /* NoteDetailVC-Helper.swift */,
				F202D5F126920CDE006B6EE4 /* CommentView.swift */,
				F202D5F426920CFE006B6EE4 /* CommentView.xib */,
				F23B9C00269B41F800909386 /* CommentSectionFooterView.swift */,
				F279B0FB269C953A00C403A4 /* ReplyCell.swift */,
			);
			path = NoteDetail;
			sourceTree = "<group>";
		};
		F239A8EC25C2900200D7414C /* Home */ = {
			isa = PBXGroup;
			children = (
				F288A82F25C160E1001B1D50 /* HomeVC.swift */,
				F239A8E625C28C8200D7414C /* DiscoveryVC.swift */,
				F239A8DC25C28BF700D7414C /* FollowVC.swift */,
				F239A8E225C28C6A00D7414C /* NearByVC.swift */,
			);
			path = Home;
			sourceTree = "<group>";
		};
		F2404CB325EE1D2700AF1B55 /* NoteEdit */ = {
			isa = PBXGroup;
			children = (
				F2752A6F25D26024004EB07B /* NoteEditVC.swift */,
				F2D1990D25FF2DC600DA1499 /* NoteEditVC-Config.swift */,
				F2750EA026256F180021989A /* NoteEditVC-UI.swift */,
				F2D198FF25F5FFE500DA1499 /* NoteEditVC-CollectionView.swift */,
				F2D198FB25F2151600DA1499 /* NoteEditVC-DragDrop.swift */,
				F2750EA32626D5E30021989A /* NoteEditVC-DraftNote.swift */,
				F22ED631266678A50021956C /* NoteEditVC-Note.swift */,
				F2750E9D26256D370021989A /* NoteEditVC-Helper.swift */,
				F27972D225DD1EC9008B2D08 /* PhotoCell.swift */,
				F24DAEEF25ECDCE7003E1043 /* PhotoFooter.swift */,
				F2D1991E25FF6C5200DA1499 /* TextViewIAView.swift */,
				F2D1991B25FF6A3000DA1499 /* TextViewIAView.xib */,
				F27579892600B88800109FB7 /* ChannelVC.swift */,
				F2E5B2292601FB350005AF9A /* ChannelTableVC.swift */,
				F22E85D22604477000BF7EF9 /* POIVC.swift */,
				F2B9EC5C2608833F001E74BA /* POIVC-Config.swift */,
				F2B9EC5F26088408001E74BA /* POVIC-Location.swift */,
				F2B9EC71260C89FD001E74BA /* POIVC-KeywordsSearch.swift */,
				F2B9EC5926086E59001E74BA /* POICell.swift */,
			);
			path = NoteEdit;
			sourceTree = "<group>";
		};
		F254EA4B2641976400A63145 /* Extensions */ = {
			isa = PBXGroup;
			children = (
				F273781825C8E69E00F4A6E8 /* System-Extensions.swift */,
				F27EBB1426329690003D5286 /* LocalLogin-Extension.swift */,
				F2F2EDD8265D3D7A00097D55 /* Login-Extension.swift */,
				F2F2EDD3265CE58800097D55 /* LC-Extension.swift */,
				F22E4D1F26A5BA2F0035EB16 /* Other-Extensions.swift */,
			);
			path = Extensions;
			sourceTree = "<group>";
		};
		F26EDB3425C6B57C0051E9E7 /* Waterfall */ = {
			isa = PBXGroup;
			children = (
				F254F65225C4015700A02076 /* WaterfallVC.swift */,
				F292AE34261E9E03006B2C7C /* WaterfallVC-Config.swift */,
				F292AE31261E9DAC006B2C7C /* WaterfallVC-LoadData.swift */,
				F2E5C3982623DF7C002E06FD /* WaterfallVC-DataSource.swift */,
				F2E5C39B26242DA6002E06FD /* WaterfallVC-Delegate.swift */,
				F2E4BFF626BFAB910057BD37 /* WaterfallVC-Layout.swift */,
				F254F65E25C40C0B00A02076 /* WaterfallCell.swift */,
				F25D6E06268483D900CFEA5A /* WaterfallCell-Like.swift */,
				F292AE1E261593CD006B2C7C /* DraftNoteWaterfallCell.swift */,
				F2E4BFF126BCF5F90057BD37 /* MyDraftNoteWaterfallCell.swift */,
				F2E4BFF226BCF5F90057BD37 /* MyDraftNoteWaterfallCell.xib */,
			);
			path = Waterfall;
			sourceTree = "<group>";
		};
		F26EDB3625C6B5900051E9E7 /* Common */ = {
			isa = PBXGroup;
			children = (
				F254EA4B2641976400A63145 /* Extensions */,
				F239A8E925C28E3100D7414C /* Constants.swift */,
				F22E85CF2603496600BF7EF9 /* Protocols.swift */,
				F21D403D266E720000D91828 /* CustomViews.swift */,
				F26BA6FB26B6EF2D00F6A217 /* CustomClasses.swift */,
			);
			path = Common;
			sourceTree = "<group>";
		};
		F273781B25C9386500F4A6E8 /* Demos+PH */ = {
			isa = PBXGroup;
			children = (
				F273781525C7E26100F4A6E8 /* PostVC.swift */,
				F273781E25C93C3500F4A6E8 /* 闭包.playground */,
				F22F5DA525CCE7DF005A1AEF /* 值类型+引用类型.playground */,
				F2111D8325CCF34100C0A4D7 /* ARC+循环引用.playground */,
				F22ABCA425D11A9300ACECE5 /* 枚举.playground */,
				F254D30725E63C0A0054FABC /* 代码实现collectionview.playground */,
				F2D7AF9B264ADAD900809FFB /* Iterator.swift */,
			);
			path = "Demos+PH";
			sourceTree = "<group>";
		};
		F279B101269F257900C403A4 /* Models */ = {
			isa = PBXGroup;
			children = (
				F279B0FE269EB61F00C403A4 /* ExpandableReplies.swift */,
			);
			path = Models;
			sourceTree = "<group>";
		};
		F27EBB0F263294D1003D5286 /* Login */ = {
			isa = PBXGroup;
			children = (
				F27EBB10263294F9003D5286 /* LoginVC.swift */,
				F2FCC578264C1E8D0004C106 /* SocialLoginVC.swift */,
				F2FCC57B264C20210004C106 /* SocialLoginVC-Alipay.swift */,
				F2F2EDB32653BE6D00097D55 /* SocialLoginVC-Apple.swift */,
				F2F2EDCD2656AAA000097D55 /* CodeLoginVC.swift */,
				F2F2EDD02656ABE100097D55 /* PasswordLoginVC.swift */,
			);
			path = Login;
			sourceTree = "<group>";
		};
		F2AC647225BEAE85000672E8 = {
			isa = PBXGroup;
			children = (
				F2FCC5B826502E110004C106 /* AliSDKDemo */,
				F2AC647D25BEAE85000672E8 /* LittlePink */,
				F2AC647C25BEAE85000672E8 /* Products */,
				ADD8834EC448CA72465EECDE /* Pods */,
				208E84098DECF05ABBC06FAD /* Frameworks */,
			);
			sourceTree = "<group>";
		};
		F2AC647C25BEAE85000672E8 /* Products */ = {
			isa = PBXGroup;
			children = (
				F2AC647B25BEAE85000672E8 /* LittlePink.app */,
			);
			name = Products;
			sourceTree = "<group>";
		};
		F2AC647D25BEAE85000672E8 /* LittlePink */ = {
			isa = PBXGroup;
			children = (
				F2AC647E25BEAE85000672E8 /* AppDelegate.swift */,
				F2AC648025BEAE85000672E8 /* SceneDelegate.swift */,
				F2AC648425BEAE85000672E8 /* Main.storyboard */,
				F273781225C7E02F00F4A6E8 /* TabBarC.swift */,
				F279B101269F257900C403A4 /* Models */,
				F239A8EC25C2900200D7414C /* Home */,
				F2F2EDE2265EB2B300097D55 /* Me */,
				F26EDB3425C6B57C0051E9E7 /* Waterfall */,
				F2404CB325EE1D2700AF1B55 /* NoteEdit */,
				F22ED63726672F1A0021956C /* NoteDetail */,
				F27EBB0F263294D1003D5286 /* Login */,
				F2041BA0267648F800BBDE6C /* Resource */,
				F2AC648A25BEAE86000672E8 /* Assets.xcassets */,
				F2AC648C25BEAE86000672E8 /* LaunchScreen.storyboard */,
				F2AC648F25BEAE86000672E8 /* Info.plist */,
				F2AC648725BEAE85000672E8 /* LittlePink.xcdatamodeld */,
				F274A1CC25F0BB3E00C0DC18 /* LittlePink-Bridging-Header.h */,
				F2D198F725F2029A00DA1499 /* TV.mp4 */,
				F273781B25C9386500F4A6E8 /* Demos+PH */,
				F26EDB3625C6B5900051E9E7 /* Common */,
			);
			path = LittlePink;
			sourceTree = "<group>";
		};
		F2F2EDE2265EB2B300097D55 /* Me */ = {
			isa = PBXGroup;
			children = (
				F2F2EDDC265EA2CD00097D55 /* LoginAndMeParentVC.swift */,
				F2B0FCBE26298A5D004E206B /* MeVC.swift */,
				F22EF00726B7C864005C9844 /* MeVC-Config.swift */,
				F2FAABEE26A8700C00A08DC3 /* MeVC-UI.swift */,
				F22EF00A26B7C913005C9844 /* MeVC-HeaderView.swift */,
				F26BA6F826B6EBF800F6A217 /* MeVC-BackOrDrawer.swift */,
				F2FAABF126A8747B00A08DC3 /* MeHeaderView.swift */,
				F2FAABF426A875BA00A08DC3 /* MeHeaderView.xib */,
				62DB6A9B625D29495A42880E /* MeVC-EditIntro.swift */,
				62DB6D95E13668A1A8F91C00 /* MeVC-EditOrFollow.swift */,
				62DB6B8E06A44C38B07B452C /* MeVC-SettingOrChat.swift */,
			);
			path = Me;
			sourceTree = "<group>";
		};
		F2FCC5B826502E110004C106 /* AliSDKDemo */ = {
			isa = PBXGroup;
			children = (
				F2FCC5B926502E110004C106 /* libcrypto.a */,
				F2FCC5BA26502E110004C106 /* Utils */,
				F2FCC5BF26502E110004C106 /* libssl.a */,
				F2FCC5C026502E110004C106 /* openssl */,
			);
			path = AliSDKDemo;
			sourceTree = "<group>";
		};
		F2FCC5BA26502E110004C106 /* Utils */ = {
			isa = PBXGroup;
			children = (
				F2FCC5BB26502E110004C106 /* openssl_wrapper.m */,
				F2FCC5BC26502E110004C106 /* APRSASigner.h */,
				F2FCC5BD26502E110004C106 /* openssl_wrapper.h */,
				F2FCC5BE26502E110004C106 /* APRSASigner.m */,
			);
			path = Utils;
			sourceTree = "<group>";
		};
		F2FCC5C026502E110004C106 /* openssl */ = {
			isa = PBXGroup;
			children = (
				F2FCC5C126502E110004C106 /* pem2.h */,
				F2FCC5C226502E110004C106 /* pem.h */,
				F2FCC5C326502E110004C106 /* ssl3.h */,
				F2FCC5C426502E110004C106 /* ossl_typ.h */,
				F2FCC5C526502E110004C106 /* dtls1.h */,
				F2FCC5C626502E110004C106 /* err.h */,
				F2FCC5C726502E110004C106 /* bn.h */,
				F2FCC5C826502E110004C106 /* blowfish.h */,
				F2FCC5C926502E110004C106 /* cms.h */,
				F2FCC5CA26502E110004C106 /* engine.h */,
				F2FCC5CB26502E110004C106 /* conf_api.h */,
				F2FCC5CC26502E110004C106 /* x509.h */,
				F2FCC5CD26502E110004C106 /* asn1_mac.h */,
				F2FCC5CE26502E110004C106 /* ui.h */,
				F2FCC5CF26502E110004C106 /* kssl.h */,
				F2FCC5D026502E110004C106 /* sha.h */,
				F2FCC5D126502E110004C106 /* symhacks.h */,
				F2FCC5D226502E110004C106 /* asn1.h */,
				F2FCC5D326502E110004C106 /* opensslconf.h */,
				F2FCC5D426502E110004C106 /* bio.h */,
				F2FCC5D526502E110004C106 /* rc2.h */,
				F2FCC5D626502E110004C106 /* dh.h */,
				F2FCC5D726502E110004C106 /* ui_compat.h */,
				F2FCC5D826502E110004C106 /* x509v3.h */,
				F2FCC5D926502E110004C106 /* ssl23.h */,
				F2FCC5DA26502E110004C106 /* conf.h */,
				F2FCC5DB26502E110004C106 /* md5.h */,
				F2FCC5DC26502E110004C106 /* x509_vfy.h */,
				F2FCC5DD26502E110004C106 /* txt_db.h */,
				F2FCC5DE26502E110004C106 /* safestack.h */,
				F2FCC5DF26502E110004C106 /* ecdsa.h */,
				F2FCC5E026502E110004C106 /* objects.h */,
				F2FCC5E126502E110004C106 /* pkcs12.h */,
				F2FCC5E226502E110004C106 /* crypto.h */,
				F2FCC5E326502E110004C106 /* opensslv.h */,
				F2FCC5E426502E110004C106 /* pkcs7.h */,
				F2FCC5E526502E110004C106 /* obj_mac.h */,
				F2FCC5E626502E110004C106 /* buffer.h */,
				F2FCC5E726502E110004C106 /* ssl.h */,
				F2FCC5E826502E110004C106 /* srp.h */,
				F2FCC5E926502E110004C106 /* camellia.h */,
				F2FCC5EA26502E110004C106 /* evp.h */,
				F2FCC5EB26502E110004C106 /* e_os2.h */,
				F2FCC5EC26502E110004C106 /* md4.h */,
				F2FCC5ED26502E110004C106 /* hmac.h */,
				F2FCC5EE26502E110004C106 /* aes.h */,
				F2FCC5EF26502E110004C106 /* comp.h */,
				F2FCC5F026502E110004C106 /* cast.h */,
				F2FCC5F126502E110004C106 /* rc4.h */,
				F2FCC5F226502E110004C106 /* stack.h */,
				F2FCC5F326502E110004C106 /* des.h */,
				F2FCC5F426502E110004C106 /* ocsp.h */,
				F2FCC5F526502E110004C106 /* ec.h */,
				F2FCC5F626502E110004C106 /* ecdh.h */,
				F2FCC5F726502E110004C106 /* rand.h */,
				F2FCC5F826502E110004C106 /* ts.h */,
				F2FCC5F926502E110004C106 /* pqueue.h */,
				F2FCC5FA26502E110004C106 /* dso.h */,
				F2FCC5FB26502E110004C106 /* seed.h */,
				F2FCC5FC26502E110004C106 /* modes.h */,
				F2FCC5FD26502E110004C106 /* ssl2.h */,
				F2FCC5FE26502E110004C106 /* rsa.h */,
				F2FCC5FF26502E110004C106 /* krb5_asn.h */,
				F2FCC60026502E110004C106 /* des_old.h */,
				F2FCC60126502E110004C106 /* ripemd.h */,
				F2FCC60226502E110004C106 /* whrlpool.h */,
				F2FCC60326502E110004C106 /* tls1.h */,
				F2FCC60426502E110004C106 /* mdc2.h */,
				F2FCC60526502E110004C106 /* dsa.h */,
				F2FCC60626502E110004C106 /* srtp.h */,
				F2FCC60726502E110004C106 /* asn1t.h */,
				F2FCC60826502E110004C106 /* cmac.h */,
				F2FCC60926502E110004C106 /* ebcdic.h */,
				F2FCC60A26502E120004C106 /* idea.h */,
				F2FCC60B26502E120004C106 /* lhash.h */,
			);
			path = openssl;
			sourceTree = "<group>";
		};
/* End PBXGroup section */

/* Begin PBXNativeTarget section */
		F2AC647A25BEAE85000672E8 /* LittlePink */ = {
			isa = PBXNativeTarget;
			buildConfigurationList = F2AC649225BEAE86000672E8 /* Build configuration list for PBXNativeTarget "LittlePink" */;
			buildPhases = (
				4E3F88B8A99765757E7A9E2C /* [CP] Check Pods Manifest.lock */,
				F2AC647725BEAE85000672E8 /* Sources */,
				F2AC647825BEAE85000672E8 /* Frameworks */,
				F2AC647925BEAE85000672E8 /* Resources */,
				16E93540116A509A5A71C841 /* [CP] Embed Pods Frameworks */,
				467FDBECA51512D0FDFC94EB /* [CP] Copy Pods Resources */,
			);
			buildRules = (
			);
			dependencies = (
			);
			name = LittlePink;
			productName = LittlePink;
			productReference = F2AC647B25BEAE85000672E8 /* LittlePink.app */;
			productType = "com.apple.product-type.application";
		};
/* End PBXNativeTarget section */

/* Begin PBXProject section */
		F2AC647325BEAE85000672E8 /* Project object */ = {
			isa = PBXProject;
			attributes = {
				LastSwiftUpdateCheck = 1230;
				LastUpgradeCheck = 1230;
				TargetAttributes = {
					F2AC647A25BEAE85000672E8 = {
						CreatedOnToolsVersion = 12.3;
					};
				};
			};
			buildConfigurationList = F2AC647625BEAE85000672E8 /* Build configuration list for PBXProject "LittlePink" */;
			compatibilityVersion = "Xcode 9.3";
			developmentRegion = en;
			hasScannedForEncodings = 0;
			knownRegions = (
				en,
				Base,
				"zh-Hans",
			);
			mainGroup = F2AC647225BEAE85000672E8;
			productRefGroup = F2AC647C25BEAE85000672E8 /* Products */;
			projectDirPath = "";
			projectRoot = "";
			targets = (
				F2AC647A25BEAE85000672E8 /* LittlePink */,
			);
		};
/* End PBXProject section */

/* Begin PBXResourcesBuildPhase section */
		F2AC647925BEAE85000672E8 /* Resources */ = {
			isa = PBXResourcesBuildPhase;
			buildActionMask = 2147483647;
			files = (
				F2AC648E25BEAE86000672E8 /* LaunchScreen.storyboard in Resources */,
				F2041B9D267648E800BBDE6C /* logo.png in Resources */,
				F2AC648B25BEAE86000672E8 /* Assets.xcassets in Resources */,
				F2D1991C25FF6A3000DA1499 /* TextViewIAView.xib in Resources */,
				F2D198F925F2044E00DA1499 /* TV.mp4 in Resources */,
				F2041B9C267648E800BBDE6C /* avatarPH.jpeg in Resources */,
				F2FAABF526A875BA00A08DC3 /* MeHeaderView.xib in Resources */,
				F202D5F526920CFE006B6EE4 /* CommentView.xib in Resources */,
				F2E4BFF426BCF5FA0057BD37 /* MyDraftNoteWaterfallCell.xib in Resources */,
				F2AC648625BEAE85000672E8 /* Main.storyboard in Resources */,
			);
			runOnlyForDeploymentPostprocessing = 0;
		};
/* End PBXResourcesBuildPhase section */

/* Begin PBXShellScriptBuildPhase section */
		16E93540116A509A5A71C841 /* [CP] Embed Pods Frameworks */ = {
			isa = PBXShellScriptBuildPhase;
			buildActionMask = 2147483647;
			files = (
			);
			inputFileListPaths = (
				"${PODS_ROOT}/Target Support Files/Pods-LittlePink/Pods-LittlePink-frameworks-${CONFIGURATION}-input-files.xcfilelist",
			);
			name = "[CP] Embed Pods Frameworks";
			outputFileListPaths = (
				"${PODS_ROOT}/Target Support Files/Pods-LittlePink/Pods-LittlePink-frameworks-${CONFIGURATION}-output-files.xcfilelist",
			);
			runOnlyForDeploymentPostprocessing = 0;
			shellPath = /bin/sh;
			shellScript = "\"${PODS_ROOT}/Target Support Files/Pods-LittlePink/Pods-LittlePink-frameworks.sh\"\n";
			showEnvVarsInLog = 0;
		};
		467FDBECA51512D0FDFC94EB /* [CP] Copy Pods Resources */ = {
			isa = PBXShellScriptBuildPhase;
			buildActionMask = 2147483647;
			files = (
			);
			inputFileListPaths = (
				"${PODS_ROOT}/Target Support Files/Pods-LittlePink/Pods-LittlePink-resources-${CONFIGURATION}-input-files.xcfilelist",
			);
			name = "[CP] Copy Pods Resources";
			outputFileListPaths = (
				"${PODS_ROOT}/Target Support Files/Pods-LittlePink/Pods-LittlePink-resources-${CONFIGURATION}-output-files.xcfilelist",
			);
			runOnlyForDeploymentPostprocessing = 0;
			shellPath = /bin/sh;
			shellScript = "\"${PODS_ROOT}/Target Support Files/Pods-LittlePink/Pods-LittlePink-resources.sh\"\n";
			showEnvVarsInLog = 0;
		};
		4E3F88B8A99765757E7A9E2C /* [CP] Check Pods Manifest.lock */ = {
			isa = PBXShellScriptBuildPhase;
			buildActionMask = 2147483647;
			files = (
			);
			inputFileListPaths = (
			);
			inputPaths = (
				"${PODS_PODFILE_DIR_PATH}/Podfile.lock",
				"${PODS_ROOT}/Manifest.lock",
			);
			name = "[CP] Check Pods Manifest.lock";
			outputFileListPaths = (
			);
			outputPaths = (
				"$(DERIVED_FILE_DIR)/Pods-LittlePink-checkManifestLockResult.txt",
			);
			runOnlyForDeploymentPostprocessing = 0;
			shellPath = /bin/sh;
			shellScript = "diff \"${PODS_PODFILE_DIR_PATH}/Podfile.lock\" \"${PODS_ROOT}/Manifest.lock\" > /dev/null\nif [ $? != 0 ] ; then\n    # print error to STDERR\n    echo \"error: The sandbox is not in sync with the Podfile.lock. Run 'pod install' or update your CocoaPods installation.\" >&2\n    exit 1\nfi\n# This output is used by Xcode 'outputs' to avoid re-running this script phase.\necho \"SUCCESS\" > \"${SCRIPT_OUTPUT_FILE_0}\"\n";
			showEnvVarsInLog = 0;
		};
/* End PBXShellScriptBuildPhase section */

/* Begin PBXSourcesBuildPhase section */
		F2AC647725BEAE85000672E8 /* Sources */ = {
			isa = PBXSourcesBuildPhase;
			buildActionMask = 2147483647;
			files = (
				F2B9EC5A26086E59001E74BA /* POICell.swift in Sources */,
				F29B9C382695C51400A4F619 /* NoteDetailVC-PostComment.swift in Sources */,
				F2F2EDB42653BE6D00097D55 /* SocialLoginVC-Apple.swift in Sources */,
				F2F2EDDD265EA2CD00097D55 /* LoginAndMeParentVC.swift in Sources */,
				F2E4BFF326BCF5F90057BD37 /* MyDraftNoteWaterfallCell.swift in Sources */,
				F2FCC57C264C20210004C106 /* SocialLoginVC-Alipay.swift in Sources */,
				F2D1991F25FF6C5200DA1499 /* TextViewIAView.swift in Sources */,
				F2750E9E26256D370021989A /* NoteEditVC-Helper.swift in Sources */,
				F2D7AF9C264ADAD900809FFB /* Iterator.swift in Sources */,
				F22E85D02603496600BF7EF9 /* Protocols.swift in Sources */,
				F239A8E325C28C6A00D7414C /* NearByVC.swift in Sources */,
				F27972D325DD1EC9008B2D08 /* PhotoCell.swift in Sources */,
				F22ED63E266E69C70021956C /* NoteDetailVC-Config.swift in Sources */,
				F25D6E182685C83300CFEA5A /* NoteDetailVC-EditNote.swift in Sources */,
				F26BA6FC26B6EF2D00F6A217 /* CustomClasses.swift in Sources */,
				F2FCC60D26502E120004C106 /* openssl_wrapper.m in Sources */,
				F273781325C7E02F00F4A6E8 /* TabBarC.swift in Sources */,
				F2FAABF226A8747B00A08DC3 /* MeHeaderView.swift in Sources */,
				F23B9C01269B41F800909386 /* CommentSectionFooterView.swift in Sources */,
				F2F2EDCE2656AAA000097D55 /* CodeLoginVC.swift in Sources */,
				F22ED63B266E69A90021956C /* NoteDetailVC-UI.swift in Sources */,
				F25D6E0C2684867B00CFEA5A /* NoteDetailVC-Fav.swift in Sources */,
				F254F65325C4015700A02076 /* WaterfallVC.swift in Sources */,
				F2D198FC25F2151600DA1499 /* NoteEditVC-DragDrop.swift in Sources */,
				F254F65F25C40C0B00A02076 /* WaterfallCell.swift in Sources */,
				F2B9EC72260C89FD001E74BA /* POIVC-KeywordsSearch.swift in Sources */,
				F2E5C3992623DF7C002E06FD /* WaterfallVC-DataSource.swift in Sources */,
				F2FCC60E26502E120004C106 /* APRSASigner.m in Sources */,
				F24DAEF025ECDCE7003E1043 /* PhotoFooter.swift in Sources */,
				F2FCC579264C1E8D0004C106 /* SocialLoginVC.swift in Sources */,
				F2752A7025D26024004EB07B /* NoteEditVC.swift in Sources */,
				F2750EA42626D5E30021989A /* NoteEditVC-DraftNote.swift in Sources */,
				F2AC647F25BEAE85000672E8 /* AppDelegate.swift in Sources */,
				F288A83025C160E1001B1D50 /* HomeVC.swift in Sources */,
				F22EF00B26B7C913005C9844 /* MeVC-HeaderView.swift in Sources */,
				F2B0FCBF26298A5D004E206B /* MeVC.swift in Sources */,
				F273781625C7E26100F4A6E8 /* PostVC.swift in Sources */,
				F25D6E0F268579DF00CFEA5A /* NoteDetailVC-ShareOrMore.swift in Sources */,
				F279B0FF269EB61F00C403A4 /* ExpandableReplies.swift in Sources */,
				F22ED63526672EF90021956C /* NoteDetailVC.swift in Sources */,
				F29B9C31269346B800A4F619 /* NoteDetailVC-LoadData.swift in Sources */,
				F21AED07268074FD0022DEF2 /* NoteDetailVC-Like.swift in Sources */,
				F22E4D2026A5BA2F0035EB16 /* Other-Extensions.swift in Sources */,
				F2F2EDD12656ABE100097D55 /* PasswordLoginVC.swift in Sources */,
				F2FAABEF26A8700C00A08DC3 /* MeVC-UI.swift in Sources */,
				F29B9C342694AF3000A4F619 /* NoteDetailVC-DelComment.swift in Sources */,
				F2750EA126256F180021989A /* NoteEditVC-UI.swift in Sources */,
				F279B10426A00C0D00C403A4 /* NoteDetailVC-DelReply.swift in Sources */,
				F2D1990025F5FFE500DA1499 /* NoteEditVC-CollectionView.swift in Sources */,
				F275798A2600B88800109FB7 /* ChannelVC.swift in Sources */,
				F27EBB11263294F9003D5286 /* LoginVC.swift in Sources */,
				F2D1990E25FF2DC600DA1499 /* NoteEditVC-Config.swift in Sources */,
				F292AE35261E9E03006B2C7C /* WaterfallVC-Config.swift in Sources */,
				F239A8DD25C28BF700D7414C /* FollowVC.swift in Sources */,
				F26BA6F926B6EBF800F6A217 /* MeVC-BackOrDrawer.swift in Sources */,
				F202D5FB26920EB1006B6EE4 /* NoteDetailVC-TVDataSource.swift in Sources */,
				F22ED632266678A50021956C /* NoteEditVC-Note.swift in Sources */,
				F2E5C39C26242DA6002E06FD /* WaterfallVC-Delegate.swift in Sources */,
				F202D5F826920E98006B6EE4 /* NoteDetailVC-TVDelegate.swift in Sources */,
				F292AE32261E9DAC006B2C7C /* WaterfallVC-LoadData.swift in Sources */,
				F273781925C8E69E00F4A6E8 /* System-Extensions.swift in Sources */,
				F2E4BFF726BFAB910057BD37 /* WaterfallVC-Layout.swift in Sources */,
				F21D403E266E720000D91828 /* CustomViews.swift in Sources */,
				F279B0FC269C953A00C403A4 /* ReplyCell.swift in Sources */,
				F25D6E07268483D900CFEA5A /* WaterfallCell-Like.swift in Sources */,
				F26BA6F626B6E8D300F6A217 /* NoteDetailVC-MeVC.swift in Sources */,
				F239A8E725C28C8200D7414C /* DiscoveryVC.swift in Sources */,
				F202D5F226920CDE006B6EE4 /* CommentView.swift in Sources */,
				F2F2EDD4265CE58800097D55 /* LC-Extension.swift in Sources */,
				F2F2EDD9265D3D7A00097D55 /* Login-Extension.swift in Sources */,
				F2AC648125BEAE85000672E8 /* SceneDelegate.swift in Sources */,
				F25D6E1226857A8E00CFEA5A /* NoteDetailVC-DelNote.swift in Sources */,
				F25D6E152685B3A800CFEA5A /* NoteDetailVC-Helper.swift in Sources */,
				F2E5B22A2601FB350005AF9A /* ChannelTableVC.swift in Sources */,
				F2AC648925BEAE85000672E8 /* LittlePink.xcdatamodeld in Sources */,
				F2B9EC6026088408001E74BA /* POVIC-Location.swift in Sources */,
				F27EBB1526329690003D5286 /* LocalLogin-Extension.swift in Sources */,
				F22EF00826B7C864005C9844 /* MeVC-Config.swift in Sources */,
				F239A8EA25C28E3100D7414C /* Constants.swift in Sources */,
				F29B9C3B2695C56000A4F619 /* NoteDetailVC-PostReply.swift in Sources */,
				F22E85D32604477000BF7EF9 /* POIVC.swift in Sources */,
				F2B9EC5D2608833F001E74BA /* POIVC-Config.swift in Sources */,
				F292AE1F261593CD006B2C7C /* DraftNoteWaterfallCell.swift in Sources */,
				62DB6D74BDDE42B8C44D531C /* MeVC-EditIntro.swift in Sources */,
				62DB67A14CFE4639C92B892C /* MeVC-EditOrFollow.swift in Sources */,
				62DB65A4A9EF2E8F1FF4045C /* MeVC-SettingOrChat.swift in Sources */,
			);
			runOnlyForDeploymentPostprocessing = 0;
		};
/* End PBXSourcesBuildPhase section */

/* Begin PBXVariantGroup section */
		F2AC648425BEAE85000672E8 /* Main.storyboard */ = {
			isa = PBXVariantGroup;
			children = (
				F2AC648525BEAE85000672E8 /* Base */,
				F273780825C7D55000F4A6E8 /* zh-Hans */,
			);
			name = Main.storyboard;
			sourceTree = "<group>";
		};
		F2AC648C25BEAE86000672E8 /* LaunchScreen.storyboard */ = {
			isa = PBXVariantGroup;
			children = (
				F2AC648D25BEAE86000672E8 /* Base */,
				F273780925C7D55000F4A6E8 /* zh-Hans */,
			);
			name = LaunchScreen.storyboard;
			sourceTree = "<group>";
		};
/* End PBXVariantGroup section */

/* Begin XCBuildConfiguration section */
		F2AC649025BEAE86000672E8 /* Debug */ = {
			isa = XCBuildConfiguration;
			buildSettings = {
				ALWAYS_SEARCH_USER_PATHS = NO;
				CLANG_ANALYZER_LOCALIZABILITY_NONLOCALIZED = YES;
				CLANG_ANALYZER_NONNULL = YES;
				CLANG_ANALYZER_NUMBER_OBJECT_CONVERSION = YES_AGGRESSIVE;
				CLANG_CXX_LANGUAGE_STANDARD = "gnu++14";
				CLANG_CXX_LIBRARY = "libc++";
				CLANG_ENABLE_MODULES = YES;
				CLANG_ENABLE_OBJC_ARC = YES;
				CLANG_ENABLE_OBJC_WEAK = YES;
				CLANG_WARN_BLOCK_CAPTURE_AUTORELEASING = YES;
				CLANG_WARN_BOOL_CONVERSION = YES;
				CLANG_WARN_COMMA = YES;
				CLANG_WARN_CONSTANT_CONVERSION = YES;
				CLANG_WARN_DEPRECATED_OBJC_IMPLEMENTATIONS = YES;
				CLANG_WARN_DIRECT_OBJC_ISA_USAGE = YES_ERROR;
				CLANG_WARN_DOCUMENTATION_COMMENTS = YES;
				CLANG_WARN_EMPTY_BODY = YES;
				CLANG_WARN_ENUM_CONVERSION = YES;
				CLANG_WARN_INFINITE_RECURSION = YES;
				CLANG_WARN_INT_CONVERSION = YES;
				CLANG_WARN_NON_LITERAL_NULL_CONVERSION = YES;
				CLANG_WARN_OBJC_IMPLICIT_RETAIN_SELF = YES;
				CLANG_WARN_OBJC_LITERAL_CONVERSION = YES;
				CLANG_WARN_OBJC_ROOT_CLASS = YES_ERROR;
				CLANG_WARN_QUOTED_INCLUDE_IN_FRAMEWORK_HEADER = YES;
				CLANG_WARN_RANGE_LOOP_ANALYSIS = YES;
				CLANG_WARN_STRICT_PROTOTYPES = YES;
				CLANG_WARN_SUSPICIOUS_MOVE = YES;
				CLANG_WARN_UNGUARDED_AVAILABILITY = YES_AGGRESSIVE;
				CLANG_WARN_UNREACHABLE_CODE = YES;
				CLANG_WARN__DUPLICATE_METHOD_MATCH = YES;
				COPY_PHASE_STRIP = NO;
				DEBUG_INFORMATION_FORMAT = dwarf;
				ENABLE_STRICT_OBJC_MSGSEND = YES;
				ENABLE_TESTABILITY = YES;
				GCC_C_LANGUAGE_STANDARD = gnu11;
				GCC_DYNAMIC_NO_PIC = NO;
				GCC_NO_COMMON_BLOCKS = YES;
				GCC_OPTIMIZATION_LEVEL = 0;
				GCC_PREPROCESSOR_DEFINITIONS = (
					"DEBUG=1",
					"$(inherited)",
				);
				GCC_WARN_64_TO_32_BIT_CONVERSION = YES;
				GCC_WARN_ABOUT_RETURN_TYPE = YES_ERROR;
				GCC_WARN_UNDECLARED_SELECTOR = YES;
				GCC_WARN_UNINITIALIZED_AUTOS = YES_AGGRESSIVE;
				GCC_WARN_UNUSED_FUNCTION = YES;
				GCC_WARN_UNUSED_VARIABLE = YES;
				HEADER_SEARCH_PATHS = "$(SRCROOT)/AliSDKDemo";
				IPHONEOS_DEPLOYMENT_TARGET = 14.3;
				MTL_ENABLE_DEBUG_INFO = INCLUDE_SOURCE;
				MTL_FAST_MATH = YES;
				ONLY_ACTIVE_ARCH = YES;
				SDKROOT = iphoneos;
				SWIFT_ACTIVE_COMPILATION_CONDITIONS = DEBUG;
				SWIFT_OBJC_BRIDGING_HEADER = "";
				SWIFT_OPTIMIZATION_LEVEL = "-Onone";
			};
			name = Debug;
		};
		F2AC649125BEAE86000672E8 /* Release */ = {
			isa = XCBuildConfiguration;
			buildSettings = {
				ALWAYS_SEARCH_USER_PATHS = NO;
				CLANG_ANALYZER_LOCALIZABILITY_NONLOCALIZED = YES;
				CLANG_ANALYZER_NONNULL = YES;
				CLANG_ANALYZER_NUMBER_OBJECT_CONVERSION = YES_AGGRESSIVE;
				CLANG_CXX_LANGUAGE_STANDARD = "gnu++14";
				CLANG_CXX_LIBRARY = "libc++";
				CLANG_ENABLE_MODULES = YES;
				CLANG_ENABLE_OBJC_ARC = YES;
				CLANG_ENABLE_OBJC_WEAK = YES;
				CLANG_WARN_BLOCK_CAPTURE_AUTORELEASING = YES;
				CLANG_WARN_BOOL_CONVERSION = YES;
				CLANG_WARN_COMMA = YES;
				CLANG_WARN_CONSTANT_CONVERSION = YES;
				CLANG_WARN_DEPRECATED_OBJC_IMPLEMENTATIONS = YES;
				CLANG_WARN_DIRECT_OBJC_ISA_USAGE = YES_ERROR;
				CLANG_WARN_DOCUMENTATION_COMMENTS = YES;
				CLANG_WARN_EMPTY_BODY = YES;
				CLANG_WARN_ENUM_CONVERSION = YES;
				CLANG_WARN_INFINITE_RECURSION = YES;
				CLANG_WARN_INT_CONVERSION = YES;
				CLANG_WARN_NON_LITERAL_NULL_CONVERSION = YES;
				CLANG_WARN_OBJC_IMPLICIT_RETAIN_SELF = YES;
				CLANG_WARN_OBJC_LITERAL_CONVERSION = YES;
				CLANG_WARN_OBJC_ROOT_CLASS = YES_ERROR;
				CLANG_WARN_QUOTED_INCLUDE_IN_FRAMEWORK_HEADER = YES;
				CLANG_WARN_RANGE_LOOP_ANALYSIS = YES;
				CLANG_WARN_STRICT_PROTOTYPES = YES;
				CLANG_WARN_SUSPICIOUS_MOVE = YES;
				CLANG_WARN_UNGUARDED_AVAILABILITY = YES_AGGRESSIVE;
				CLANG_WARN_UNREACHABLE_CODE = YES;
				CLANG_WARN__DUPLICATE_METHOD_MATCH = YES;
				COPY_PHASE_STRIP = NO;
				DEBUG_INFORMATION_FORMAT = "dwarf-with-dsym";
				ENABLE_NS_ASSERTIONS = NO;
				ENABLE_STRICT_OBJC_MSGSEND = YES;
				GCC_C_LANGUAGE_STANDARD = gnu11;
				GCC_NO_COMMON_BLOCKS = YES;
				GCC_WARN_64_TO_32_BIT_CONVERSION = YES;
				GCC_WARN_ABOUT_RETURN_TYPE = YES_ERROR;
				GCC_WARN_UNDECLARED_SELECTOR = YES;
				GCC_WARN_UNINITIALIZED_AUTOS = YES_AGGRESSIVE;
				GCC_WARN_UNUSED_FUNCTION = YES;
				GCC_WARN_UNUSED_VARIABLE = YES;
				HEADER_SEARCH_PATHS = "$(SRCROOT)/AliSDKDemo";
				IPHONEOS_DEPLOYMENT_TARGET = 14.3;
				MTL_ENABLE_DEBUG_INFO = NO;
				MTL_FAST_MATH = YES;
				SDKROOT = iphoneos;
				SWIFT_COMPILATION_MODE = wholemodule;
				SWIFT_OBJC_BRIDGING_HEADER = "";
				SWIFT_OPTIMIZATION_LEVEL = "-O";
				VALIDATE_PRODUCT = YES;
			};
			name = Release;
		};
		F2AC649325BEAE86000672E8 /* Debug */ = {
			isa = XCBuildConfiguration;
			baseConfigurationReference = EF1D380A29BBDC7C14672677 /* Pods-LittlePink.debug.xcconfig */;
			buildSettings = {
				ASSETCATALOG_COMPILER_APPICON_NAME = AppIcon;
				ASSETCATALOG_COMPILER_GLOBAL_ACCENT_COLOR_NAME = AccentColor;
				CODE_SIGN_ENTITLEMENTS = LittlePink/LittlePink.entitlements;
				CODE_SIGN_STYLE = Automatic;
				DEVELOPMENT_TEAM = 88YKHY9ZQF;
				INFOPLIST_FILE = LittlePink/Info.plist;
				IPHONEOS_DEPLOYMENT_TARGET = 14.1;
				LD_RUNPATH_SEARCH_PATHS = (
					"$(inherited)",
					"@executable_path/Frameworks",
				);
				LIBRARY_SEARCH_PATHS = (
					"$(inherited)",
					"$(PROJECT_DIR)/AliSDKDemo",
				);
				PRODUCT_BUNDLE_IDENTIFIER = com.majun.LittlePink;
				PRODUCT_NAME = "$(TARGET_NAME)";
				SWIFT_OBJC_BRIDGING_HEADER = "LittlePink/LittlePink-Bridging-Header.h";
				SWIFT_VERSION = 5.0;
				TARGETED_DEVICE_FAMILY = 1;
			};
			name = Debug;
		};
		F2AC649425BEAE86000672E8 /* Release */ = {
			isa = XCBuildConfiguration;
			baseConfigurationReference = FF4B0E5D10400B0B19904172 /* Pods-LittlePink.release.xcconfig */;
			buildSettings = {
				ASSETCATALOG_COMPILER_APPICON_NAME = AppIcon;
				ASSETCATALOG_COMPILER_GLOBAL_ACCENT_COLOR_NAME = AccentColor;
				CODE_SIGN_ENTITLEMENTS = LittlePink/LittlePink.entitlements;
				CODE_SIGN_STYLE = Automatic;
				DEVELOPMENT_TEAM = 88YKHY9ZQF;
				INFOPLIST_FILE = LittlePink/Info.plist;
				IPHONEOS_DEPLOYMENT_TARGET = 14.1;
				LD_RUNPATH_SEARCH_PATHS = (
					"$(inherited)",
					"@executable_path/Frameworks",
				);
				LIBRARY_SEARCH_PATHS = (
					"$(inherited)",
					"$(PROJECT_DIR)/AliSDKDemo",
				);
				PRODUCT_BUNDLE_IDENTIFIER = com.majun.LittlePink;
				PRODUCT_NAME = "$(TARGET_NAME)";
				SWIFT_OBJC_BRIDGING_HEADER = "LittlePink/LittlePink-Bridging-Header.h";
				SWIFT_VERSION = 5.0;
				TARGETED_DEVICE_FAMILY = 1;
			};
			name = Release;
		};
/* End XCBuildConfiguration section */

/* Begin XCConfigurationList section */
		F2AC647625BEAE85000672E8 /* Build configuration list for PBXProject "LittlePink" */ = {
			isa = XCConfigurationList;
			buildConfigurations = (
				F2AC649025BEAE86000672E8 /* Debug */,
				F2AC649125BEAE86000672E8 /* Release */,
			);
			defaultConfigurationIsVisible = 0;
			defaultConfigurationName = Release;
		};
		F2AC649225BEAE86000672E8 /* Build configuration list for PBXNativeTarget "LittlePink" */ = {
			isa = XCConfigurationList;
			buildConfigurations = (
				F2AC649325BEAE86000672E8 /* Debug */,
				F2AC649425BEAE86000672E8 /* Release */,
			);
			defaultConfigurationIsVisible = 0;
			defaultConfigurationName = Release;
		};
/* End XCConfigurationList section */

/* Begin XCVersionGroup section */
		F2AC648725BEAE85000672E8 /* LittlePink.xcdatamodeld */ = {
			isa = XCVersionGroup;
			children = (
				F2AC648825BEAE85000672E8 /* LittlePink.xcdatamodel */,
			);
			currentVersion = F2AC648825BEAE85000672E8 /* LittlePink.xcdatamodel */;
			path = LittlePink.xcdatamodeld;
			sourceTree = "<group>";
			versionGroupType = wrapper.xcdatamodel;
		};
/* End XCVersionGroup section */
	};
	rootObject = F2AC647325BEAE85000672E8 /* Project object */;
}
